{
  "nodes": {
    "autodocodec": {
      "flake": false,
      "locked": {
        "lastModified": 1721977067,
        "narHash": "sha256-vbYwDw0VGNveksWMEn6G6XKzdLZNBFS0B0zJ3tCLIPw=",
        "owner": "NorfairKing",
        "repo": "autodocodec",
        "rev": "b435803c3367b06c0d38acd90a54ba63e63fb6be",
        "type": "github"
      },
      "original": {
        "owner": "NorfairKing",
        "repo": "autodocodec",
        "type": "github"
      }
    },
    "autodocodec_2": {
      "flake": false,
      "locked": {
        "lastModified": 1701673930,
        "narHash": "sha256-Mv8LNgJrQpHpuxg7jMuYuUoLeWCW+0OvqST4KNJYH9k=",
        "owner": "NorfairKing",
        "repo": "autodocodec",
        "rev": "958a1c51fbf2f166974a60e2d0a5d266483baff5",
        "type": "github"
      },
      "original": {
        "owner": "NorfairKing",
        "repo": "autodocodec",
        "type": "github"
      }
    },
    "autorecorder": {
      "flake": false,
      "locked": {
        "lastModified": 1685957501,
        "narHash": "sha256-UZLjkcEE5FVNvWYSwv9vPkLY9S85W2nlTI01Lrp//y8=",
        "owner": "NorfairKing",
        "repo": "autorecorder",
        "rev": "0d420b307621575cae04ddbc4000606693349770",
        "type": "github"
      },
      "original": {
        "owner": "NorfairKing",
        "repo": "autorecorder",
        "type": "github"
      }
    },
    "conformance": {
      "flake": false,
      "locked": {
        "lastModified": 1717392592,
        "narHash": "sha256-WHY6hrSzPjvlqjVh5ifOXZQRLB7N2IvCcC6ZcexYeMI=",
        "owner": "NorfairKing",
        "repo": "conformance",
        "rev": "48e19770a4de7a8cb4ab1204b4c3d486607f18a5",
        "type": "github"
      },
      "original": {
        "owner": "NorfairKing",
        "repo": "conformance",
        "type": "github"
      }
    },
    "cursor": {
      "flake": false,
      "locked": {
        "lastModified": 1701872873,
        "narHash": "sha256-yPOSFk5ThZruEcqxzyzojkMM4tmK3kTmv+nvVKI7NnM=",
        "owner": "NorfairKing",
        "repo": "cursor",
        "rev": "27dab66b90e314497fbf8f8984fc394b9aa80be0",
        "type": "github"
      },
      "original": {
        "owner": "NorfairKing",
        "repo": "cursor",
        "type": "github"
      }
    },
    "cursor-brick": {
      "flake": false,
      "locked": {
        "lastModified": 1701875950,
        "narHash": "sha256-NLTw6mCI0m+vKZawMp9Af/M64uY1sWPCa9h2ULWvdVA=",
        "owner": "NorfairKing",
        "repo": "cursor-brick",
        "rev": "cdd3d7e9e99623a290f4c287f8aa04ff98f45ea8",
        "type": "github"
      },
      "original": {
        "owner": "NorfairKing",
        "repo": "cursor-brick",
        "type": "github"
      }
    },
    "cursor-dirforest": {
      "flake": false,
      "locked": {
        "lastModified": 1701876801,
        "narHash": "sha256-bOAWux7+RdGCwzz8g/rJSo/C+lGfGJpup2T2CxN4MiY=",
        "owner": "NorfairKing",
        "repo": "cursor-dirforest",
        "rev": "a402ad6de33fb9d594184cce296a2fb2e4e2b06a",
        "type": "github"
      },
      "original": {
        "owner": "NorfairKing",
        "repo": "cursor-dirforest",
        "type": "github"
      }
    },
    "cursor-fuzzy-time": {
      "flake": false,
      "locked": {
        "lastModified": 1705590507,
        "narHash": "sha256-jIQFUbXpzuLBUxH71q7o8A+5Xvsn+gOJCxc/jUR2fEI=",
        "owner": "NorfairKing",
        "repo": "cursor-fuzzy-time",
        "rev": "a73267b5ae91824538f3d1230e2e59cbee88af7a",
        "type": "github"
      },
      "original": {
        "owner": "NorfairKing",
        "repo": "cursor-fuzzy-time",
        "type": "github"
      }
    },
    "dekking": {
      "flake": false,
      "locked": {
        "lastModified": 1717353868,
        "narHash": "sha256-skkBIDSRj0UQDgPVmiF8aj13ozkoeq94kTAhROlH8cE=",
        "owner": "NorfairKing",
        "repo": "dekking",
        "rev": "0ac013f211e047db3d6b9ca0c67d1f6334faf561",
        "type": "github"
      },
      "original": {
        "owner": "NorfairKing",
        "repo": "dekking",
        "type": "github"
      }
    },
    "dirforest": {
      "flake": false,
      "locked": {
        "lastModified": 1701872328,
        "narHash": "sha256-Wh9pXg127iCzRjN6wwfZzHqEFxbKqDt1FKUcYoRJsJM=",
        "owner": "NorfairKing",
        "repo": "dirforest",
        "rev": "e01906b7ecc4979a7d80820aa421425cc1b37f8d",
        "type": "github"
      },
      "original": {
        "owner": "NorfairKing",
        "repo": "dirforest",
        "type": "github"
      }
    },
    "fast-myers-diff": {
      "flake": false,
      "locked": {
        "lastModified": 1721402405,
        "narHash": "sha256-VtJeYPN+rk9rx9aPwLsd/l62nxee4rJpHcvpUC8LpwI=",
        "owner": "NorfairKing",
        "repo": "fast-myers-diff",
        "rev": "6cee293f3f32c443295e589330cf30a46ada0045",
        "type": "github"
      },
      "original": {
        "owner": "NorfairKing",
        "repo": "fast-myers-diff",
        "type": "github"
      }
    },
    "feedback": {
      "flake": false,
      "locked": {
        "lastModified": 1719411795,
        "narHash": "sha256-PUmEylTfvarpDJ13Ewye/2PJL4alU+6ytcqcC27k/4Y=",
        "owner": "NorfairKing",
        "repo": "feedback",
        "rev": "613cf1920ea270972959fc2e1e77e075f4a7c8ee",
        "type": "github"
      },
      "original": {
        "owner": "NorfairKing",
        "repo": "feedback",
        "type": "github"
      }
    },
    "flake-compat": {
      "flake": false,
      "locked": {
        "lastModified": 1673956053,
        "narHash": "sha256-4gtG9iQuiKITOjNQQeQIpoIB6b16fm+504Ch3sNKLd8=",
        "owner": "edolstra",
        "repo": "flake-compat",
        "rev": "35bb57c0c8d8b62bbfd284272c928ceb64ddbde9",
        "type": "github"
      },
      "original": {
        "owner": "edolstra",
        "repo": "flake-compat",
        "type": "github"
      }
    },
    "flake-compat_2": {
      "flake": false,
      "locked": {
        "lastModified": 1696426674,
        "narHash": "sha256-kvjfFW7WAETZlt09AgDn1MrtKzP7t90Vf7vypd3OL1U=",
        "owner": "edolstra",
        "repo": "flake-compat",
        "rev": "0f9255e01c2351cc7d116c072cb317785dd33b33",
        "type": "github"
      },
      "original": {
        "owner": "edolstra",
        "repo": "flake-compat",
        "type": "github"
      }
    },
    "flake-utils": {
      "inputs": {
        "systems": "systems"
      },
      "locked": {
        "lastModified": 1710146030,
        "narHash": "sha256-SZ5L6eA7HJ/nmkzGG7/ISclqe6oZdOZTNoesiInkXPQ=",
        "owner": "numtide",
        "repo": "flake-utils",
        "rev": "b1d9ab70662946ef0850d488da1c9019f3a9752a",
        "type": "github"
      },
      "original": {
        "owner": "numtide",
        "repo": "flake-utils",
        "type": "github"
      }
    },
    "flake-utils_2": {
      "inputs": {
        "systems": "systems_2"
      },
      "locked": {
        "lastModified": 1685518550,
        "narHash": "sha256-o2d0KcvaXzTrPRIo0kOLV0/QXHhDQ5DTi+OxcjO8xqY=",
        "owner": "numtide",
        "repo": "flake-utils",
        "rev": "a1720a10a6cfe8234c0e93907ffe81be440f4cef",
        "type": "github"
      },
      "original": {
        "owner": "numtide",
        "repo": "flake-utils",
        "type": "github"
      }
    },
    "fuzzy-time": {
      "flake": false,
      "locked": {
        "lastModified": 1717394232,
        "narHash": "sha256-s0cVk50zY2AXljnoetF3ryPY71/9MtrewdUOqJgq+tI=",
        "owner": "NorfairKing",
        "repo": "fuzzy-time",
        "rev": "4d50eaeedfc6411349c9b36d5e2692841cbab3f8",
        "type": "github"
      },
      "original": {
        "owner": "NorfairKing",
        "repo": "fuzzy-time",
        "type": "github"
      }
    },
    "get-flake": {
      "locked": {
        "lastModified": 1714237590,
        "narHash": "sha256-9gtHdGbzFHaR20xORN8IYd67ROWS+1nqQ5CsPf9MD8I=",
        "owner": "ursi",
        "repo": "get-flake",
        "rev": "a6c57417d1b857b8be53aba4095869a0f438c502",
        "type": "github"
      },
      "original": {
        "owner": "ursi",
        "repo": "get-flake",
        "type": "github"
      }
    },
    "gitignore": {
      "inputs": {
        "nixpkgs": [
          "openapi-code-generator",
          "pre-commit-hooks",
          "nixpkgs"
        ]
      },
      "locked": {
        "lastModified": 1660459072,
        "narHash": "sha256-8DFJjXG8zqoONA1vXtgeKXy68KdJL5UaXR8NtVMUbx8=",
        "owner": "hercules-ci",
        "repo": "gitignore.nix",
        "rev": "a20de23b925fd8264fd7fad6454652e142fd7f73",
        "type": "github"
      },
      "original": {
        "owner": "hercules-ci",
        "repo": "gitignore.nix",
        "type": "github"
      }
    },
    "gitignore_2": {
      "inputs": {
        "nixpkgs": [
          "pre-commit-hooks",
          "nixpkgs"
        ]
      },
      "locked": {
        "lastModified": 1709087332,
        "narHash": "sha256-HG2cCnktfHsKV0s4XW83gU3F57gaTljL9KNSuG6bnQs=",
        "owner": "hercules-ci",
        "repo": "gitignore.nix",
        "rev": "637db329424fd7e46cf4185293b9cc8c88c95394",
        "type": "github"
      },
      "original": {
        "owner": "hercules-ci",
        "repo": "gitignore.nix",
        "type": "github"
      }
    },
    "haskell-dependency-graph-nix": {
      "inputs": {
        "nixpkgs": [
          "nixpkgs"
        ],
        "pre-commit-hooks": [
          "pre-commit-hooks"
        ]
      },
      "locked": {
        "lastModified": 1712559772,
        "narHash": "sha256-R7VaJAIXFH8yCBLCY8tIsRPEgPNX4aFL2iAZhbIRoao=",
        "owner": "NorfairKing",
        "repo": "haskell-dependency-graph-nix",
        "rev": "9f9ac5184baa7f1b6ff759bffab517d2d7447338",
        "type": "github"
      },
      "original": {
        "owner": "NorfairKing",
        "repo": "haskell-dependency-graph-nix",
        "type": "github"
      }
    },
    "home-manager": {
      "inputs": {
        "nixpkgs": "nixpkgs"
      },
      "locked": {
        "lastModified": 1720042825,
        "narHash": "sha256-A0vrUB6x82/jvf17qPCpxaM+ulJnD8YZwH9Ci0BsAzE=",
        "owner": "nix-community",
        "repo": "home-manager",
        "rev": "e1391fb22e18a36f57e6999c7a9f966dc80ac073",
        "type": "github"
      },
      "original": {
        "owner": "nix-community",
        "ref": "release-24.05",
        "repo": "home-manager",
        "type": "github"
      }
    },
    "ical": {
      "flake": false,
      "locked": {
        "lastModified": 1717392811,
        "narHash": "sha256-I9DkzN/Hw6avP4CqTn1Qoy39xP+GX2E2qK2QFApQcpc=",
        "owner": "NorfairKing",
        "repo": "ical",
        "rev": "de82c68437e86ce554222bc2b89c41f6d314c9de",
        "type": "github"
      },
      "original": {
        "owner": "NorfairKing",
        "repo": "ical",
        "type": "github"
      }
    },
    "linkcheck": {
      "flake": false,
      "locked": {
        "lastModified": 1720421737,
        "narHash": "sha256-+Rgl01oVfK/H/aFugdK1+pshCmAIOFLA7PaVTICp/mY=",
        "owner": "NorfairKing",
        "repo": "linkcheck",
        "rev": "3a72a7b536bf4c1780127fb381749e982f6c1fe1",
        "type": "github"
      },
      "original": {
        "owner": "NorfairKing",
        "repo": "linkcheck",
        "type": "github"
      }
    },
    "looper": {
      "flake": false,
      "locked": {
        "lastModified": 1721772073,
        "narHash": "sha256-CLQYLXxOtyG9sgOc5si6EfGRH4NwFrO4ywZBy8b+HU8=",
        "owner": "NorfairKing",
        "repo": "looper",
        "rev": "5764baf22994cece156792229aaf01df753c04e4",
        "type": "github"
      },
      "original": {
        "owner": "NorfairKing",
        "repo": "looper",
        "type": "github"
      }
    },
    "mergeful": {
      "flake": false,
      "locked": {
        "lastModified": 1721978249,
        "narHash": "sha256-Z69k0WuZ4Ag0YZ4ulJXsNESp27fyVLvkIKk7+jS4YvY=",
        "owner": "NorfairKing",
        "repo": "mergeful",
        "rev": "f827db7db2a84b7b805e681b143551c5c933449f",
        "type": "github"
      },
      "original": {
        "owner": "NorfairKing",
        "repo": "mergeful",
        "type": "github"
      }
    },
    "nixpkgs": {
      "locked": {
        "lastModified": 1716542732,
        "narHash": "sha256-0Y9fRr0CUqWT4KgBITmaGwlnNIGMYuydu2L8iLTfHU4=",
        "owner": "NixOS",
        "repo": "nixpkgs",
        "rev": "d12251ef6e8e6a46e05689eeccd595bdbd3c9e60",
        "type": "github"
      },
      "original": {
        "owner": "NixOS",
        "ref": "nixos-24.05",
        "repo": "nixpkgs",
        "type": "github"
      }
    },
    "nixpkgs-stable": {
      "locked": {
        "lastModified": 1685801374,
        "narHash": "sha256-otaSUoFEMM+LjBI1XL/xGB5ao6IwnZOXc47qhIgJe8U=",
        "owner": "NixOS",
        "repo": "nixpkgs",
        "rev": "c37ca420157f4abc31e26f436c1145f8951ff373",
        "type": "github"
      },
      "original": {
        "owner": "NixOS",
        "ref": "nixos-23.05",
        "repo": "nixpkgs",
        "type": "github"
      }
    },
    "nixpkgs-stable_2": {
      "locked": {
        "lastModified": 1720386169,
        "narHash": "sha256-NGKVY4PjzwAa4upkGtAMz1npHGoRzWotlSnVlqI40mo=",
        "owner": "NixOS",
        "repo": "nixpkgs",
        "rev": "194846768975b7ad2c4988bdb82572c00222c0d7",
        "type": "github"
      },
      "original": {
        "owner": "NixOS",
        "ref": "nixos-24.05",
        "repo": "nixpkgs",
        "type": "github"
      }
    },
    "nixpkgs_2": {
      "locked": {
        "lastModified": 1721949857,
        "narHash": "sha256-DID446r8KsmJhbCzx4el8d9SnPiE8qa6+eEQOJ40vR0=",
        "owner": "NixOS",
        "repo": "nixpkgs",
        "rev": "a1cc729dcbc31d9b0d11d86dc7436163548a9665",
        "type": "github"
      },
      "original": {
        "owner": "NixOS",
        "ref": "nixos-24.05",
        "repo": "nixpkgs",
        "type": "github"
      }
    },
    "nixpkgs_3": {
      "locked": {
        "lastModified": 1701539137,
        "narHash": "sha256-nVO/5QYpf1GwjvtpXhyxx5M3U/WN0MwBro4Lsk+9mL0=",
        "owner": "NixOS",
        "repo": "nixpkgs",
        "rev": "933d7dc155096e7575d207be6fb7792bc9f34f6d",
        "type": "github"
      },
      "original": {
        "owner": "NixOS",
        "ref": "nixos-23.11",
        "repo": "nixpkgs",
        "type": "github"
      }
    },
    "nixpkgs_4": {
      "locked": {
        "lastModified": 1689261696,
        "narHash": "sha256-LzfUtFs9MQRvIoQ3MfgSuipBVMXslMPH/vZ+nM40LkA=",
        "owner": "NixOS",
        "repo": "nixpkgs",
        "rev": "df1eee2aa65052a18121ed4971081576b25d6b5c",
        "type": "github"
      },
      "original": {
        "owner": "NixOS",
        "ref": "nixpkgs-unstable",
        "repo": "nixpkgs",
        "type": "github"
      }
    },
    "nixpkgs_5": {
      "locked": {
        "lastModified": 1719082008,
        "narHash": "sha256-jHJSUH619zBQ6WdC21fFAlDxHErKVDJ5fpN0Hgx4sjs=",
        "owner": "NixOS",
        "repo": "nixpkgs",
        "rev": "9693852a2070b398ee123a329e68f0dab5526681",
        "type": "github"
      },
      "original": {
        "owner": "NixOS",
        "ref": "nixpkgs-unstable",
        "repo": "nixpkgs",
        "type": "github"
      }
    },
    "openapi-code-generator": {
      "inputs": {
        "autodocodec": "autodocodec_2",
        "flake-utils": "flake-utils",
        "nixpkgs": "nixpkgs_3",
        "pre-commit-hooks": "pre-commit-hooks",
        "safe-coloured-text": "safe-coloured-text",
        "sydtest": "sydtest",
        "validity": "validity"
      },
      "locked": {
        "lastModified": 1716993527,
        "narHash": "sha256-YXgc4qhGikBh/r/iV6QQQABfwbDUb/Hk1KPYU5YBZlE=",
        "owner": "Haskell-OpenAPI-Code-Generator",
        "repo": "Haskell-OpenAPI-Client-Code-Generator",
        "rev": "2bec5cc1d876dfa448cdd98becbcee4f1f3e9cc3",
        "type": "github"
      },
      "original": {
        "owner": "Haskell-OpenAPI-Code-Generator",
        "repo": "Haskell-OpenAPI-Client-Code-Generator",
        "type": "github"
      }
    },
    "opt-env-conf": {
      "flake": false,
      "locked": {
        "lastModified": 1721996784,
        "narHash": "sha256-WWR8OMvKLXXHgfA/r3+t/uMgU5JXGfJb8hZTovS1Blk=",
        "owner": "NorfairKing",
        "repo": "opt-env-conf",
        "rev": "6278400dc278f32dcaf4a34107ab674e876910b0",
        "type": "github"
      },
      "original": {
        "owner": "NorfairKing",
        "repo": "opt-env-conf",
        "type": "github"
      }
    },
    "pre-commit-hooks": {
      "inputs": {
        "flake-compat": "flake-compat",
        "flake-utils": "flake-utils_2",
        "gitignore": "gitignore",
        "nixpkgs": "nixpkgs_4",
        "nixpkgs-stable": "nixpkgs-stable"
      },
      "locked": {
        "lastModified": 1700922917,
        "narHash": "sha256-ej2fch/T584b5K9sk1UhmZF7W6wEfDHuoUYpFN8dtvM=",
        "owner": "cachix",
        "repo": "pre-commit-hooks.nix",
        "rev": "e5ee5c5f3844550c01d2131096c7271cec5e9b78",
        "type": "github"
      },
      "original": {
        "owner": "cachix",
        "repo": "pre-commit-hooks.nix",
        "type": "github"
      }
    },
    "pre-commit-hooks_2": {
      "inputs": {
        "flake-compat": "flake-compat_2",
        "gitignore": "gitignore_2",
        "nixpkgs": "nixpkgs_5",
        "nixpkgs-stable": "nixpkgs-stable_2"
      },
      "locked": {
        "lastModified": 1721042469,
        "narHash": "sha256-6FPUl7HVtvRHCCBQne7Ylp4p+dpP3P/OYuzjztZ4s70=",
        "owner": "cachix",
        "repo": "pre-commit-hooks.nix",
        "rev": "f451c19376071a90d8c58ab1a953c6e9840527fd",
        "type": "github"
      },
      "original": {
        "owner": "cachix",
        "repo": "pre-commit-hooks.nix",
        "type": "github"
      }
    },
    "root": {
      "inputs": {
        "autodocodec": "autodocodec",
        "autorecorder": "autorecorder",
        "conformance": "conformance",
        "cursor": "cursor",
        "cursor-brick": "cursor-brick",
        "cursor-dirforest": "cursor-dirforest",
        "cursor-fuzzy-time": "cursor-fuzzy-time",
        "dekking": "dekking",
        "dirforest": "dirforest",
        "fast-myers-diff": "fast-myers-diff",
        "feedback": "feedback",
        "fuzzy-time": "fuzzy-time",
        "get-flake": "get-flake",
        "haskell-dependency-graph-nix": "haskell-dependency-graph-nix",
        "home-manager": "home-manager",
        "ical": "ical",
        "linkcheck": "linkcheck",
        "looper": "looper",
        "mergeful": "mergeful",
        "nixpkgs": "nixpkgs_2",
        "openapi-code-generator": "openapi-code-generator",
        "opt-env-conf": "opt-env-conf",
        "pre-commit-hooks": "pre-commit-hooks_2",
        "safe-coloured-text": "safe-coloured-text_2",
        "seocheck": "seocheck",
        "smos-latest-release": "smos-latest-release",
        "sydtest": "sydtest_2",
        "template-haskell-reload": "template-haskell-reload",
        "validity": "validity_2",
        "weeder-nix": "weeder-nix",
        "yesod-autoreload": "yesod-autoreload",
        "yesod-static-remote": "yesod-static-remote"
      }
    },
    "safe-coloured-text": {
      "flake": false,
      "locked": {
        "lastModified": 1701675196,
        "narHash": "sha256-VXPEeuP1BmYzCSe+1Qt715c3GiLUQ6XyPdnNYOhEQZc=",
        "owner": "NorfairKing",
        "repo": "safe-coloured-text",
        "rev": "5efd54e49de780700cd8af2039dff1579c75483c",
        "type": "github"
      },
      "original": {
        "owner": "NorfairKing",
        "repo": "safe-coloured-text",
        "type": "github"
      }
    },
    "safe-coloured-text_2": {
      "flake": false,
      "locked": {
        "lastModified": 1721401843,
        "narHash": "sha256-vLE7xo1A4pnjJVsbwCm+A1N5osuhWbVcrPZDNL0g6C0=",
        "owner": "NorfairKing",
        "repo": "safe-coloured-text",
        "rev": "26b7657428f277f819a0831cbddddb7f4c5408f9",
        "type": "github"
      },
      "original": {
        "owner": "NorfairKing",
        "repo": "safe-coloured-text",
        "type": "github"
      }
    },
    "seocheck": {
      "flake": false,
      "locked": {
        "lastModified": 1720360519,
        "narHash": "sha256-3DK4Sm197VZvQQxVdTsVkQsfcmtVn3iyKZHBzzj22yY=",
        "owner": "NorfairKing",
        "repo": "seocheck",
        "rev": "abfcffaa4382ff41f1edd58e386e904a1ab9b870",
        "type": "github"
      },
      "original": {
        "owner": "NorfairKing",
        "repo": "seocheck",
        "type": "github"
      }
    },
    "smos-latest-release": {
      "flake": false,
      "locked": {
        "lastModified": 1715688920,
        "narHash": "sha256-xt90LzPDao/m04Zhi0H44zCfvAFBtOV6LJmHTSCzyRI=",
        "owner": "NorfairKing",
        "repo": "smos",
        "rev": "8c7f97b3aba304e6d0ac6d36493f9c22600a4572",
        "type": "github"
      },
      "original": {
        "owner": "NorfairKing",
        "ref": "release",
        "repo": "smos",
        "type": "github"
      }
    },
    "sydtest": {
      "flake": false,
      "locked": {
        "lastModified": 1701869719,
        "narHash": "sha256-+qrn2utn8W754ifrm5phT3DtAtK78vjlNObFWRHRxHg=",
        "owner": "NorfairKing",
        "repo": "sydtest",
        "rev": "d22ec20ca32854f880295cb373f84e874be916bb",
        "type": "github"
      },
      "original": {
        "owner": "NorfairKing",
        "repo": "sydtest",
        "type": "github"
      }
    },
    "sydtest_2": {
      "flake": false,
      "locked": {
        "lastModified": 1721459440,
        "narHash": "sha256-6DAdrmfQ4/AD2HHhfjaXfD+z2swUOv6dRR7qw0+iKsA=",
        "owner": "NorfairKing",
        "repo": "sydtest",
        "rev": "6043db95040af3de2df159f768df0639e042e930",
        "type": "github"
      },
      "original": {
        "owner": "NorfairKing",
        "repo": "sydtest",
        "type": "github"
      }
    },
    "systems": {
      "locked": {
        "lastModified": 1681028828,
        "narHash": "sha256-Vy1rq5AaRuLzOxct8nz4T6wlgyUR7zLU309k9mBC768=",
        "owner": "nix-systems",
        "repo": "default",
        "rev": "da67096a3b9bf56a91d16901293e51ba5b49a27e",
        "type": "github"
      },
      "original": {
        "owner": "nix-systems",
        "repo": "default",
        "type": "github"
      }
    },
    "systems_2": {
      "locked": {
        "lastModified": 1681028828,
        "narHash": "sha256-Vy1rq5AaRuLzOxct8nz4T6wlgyUR7zLU309k9mBC768=",
        "owner": "nix-systems",
        "repo": "default",
        "rev": "da67096a3b9bf56a91d16901293e51ba5b49a27e",
        "type": "github"
      },
      "original": {
        "owner": "nix-systems",
        "repo": "default",
        "type": "github"
      }
    },
    "template-haskell-reload": {
      "flake": false,
      "locked": {
        "lastModified": 1701875519,
        "narHash": "sha256-VkEVHmTp/uBatmKtEFK7aAZX6Yq3Rd932KMdnljh7tA=",
        "owner": "NorfairKing",
        "repo": "template-haskell-reload",
        "rev": "5e8acede90523942cb626d9d47873e477f831423",
        "type": "github"
      },
      "original": {
        "owner": "NorfairKing",
        "repo": "template-haskell-reload",
        "type": "github"
      }
    },
    "validity": {
      "flake": false,
      "locked": {
        "lastModified": 1701673254,
        "narHash": "sha256-TsSkc2kqAoJ/S6HaK4t4S9r7nDvcHEPiNzMjlPnkb4Y=",
        "owner": "NorfairKing",
        "repo": "validity",
        "rev": "57c4897ccfeb3de60489e0328113798f059ef140",
        "type": "github"
      },
      "original": {
        "owner": "NorfairKing",
        "repo": "validity",
        "type": "github"
      }
    },
    "validity_2": {
      "flake": false,
      "locked": {
        "lastModified": 1721316458,
        "narHash": "sha256-hOXmXvapzeXhDfxYwt+h486EFIF0ympbVBoG2bA6isA=",
        "owner": "NorfairKing",
        "repo": "validity",
        "rev": "6b06ec70bdd999f7450f88f4beea43f1607e3726",
        "type": "github"
      },
      "original": {
        "owner": "NorfairKing",
        "repo": "validity",
        "type": "github"
      }
    },
    "weeder-nix": {
      "flake": false,
      "locked": {
        "lastModified": 1712652513,
        "narHash": "sha256-etbllbKKJNVHogT89VkgevuaSLa0SA24OGpSDKTrGX0=",
        "owner": "NorfairKing",
        "repo": "weeder-nix",
        "rev": "d49eebf716fd512d5e521bfed49c3281ca12dc1c",
        "type": "github"
      },
      "original": {
        "owner": "NorfairKing",
        "repo": "weeder-nix",
        "type": "github"
      }
    },
    "yesod-autoreload": {
      "flake": false,
      "locked": {
        "lastModified": 1701870511,
        "narHash": "sha256-Bk4w5HDdN3CyIIxrKDsNe0uB79aWn/gqb8O80XxB3o0=",
        "owner": "NorfairKing",
        "repo": "yesod-autoreload",
        "rev": "f6455e7ccb58c8e13c4698869812e73e015f94fc",
        "type": "github"
      },
      "original": {
        "owner": "NorfairKing",
        "repo": "yesod-autoreload",
        "type": "github"
      }
    },
    "yesod-static-remote": {
      "flake": false,
      "locked": {
        "lastModified": 1685727661,
        "narHash": "sha256-4mTiQQtrDsiV2KwYHX/8UHlbDr/oayj+nqJXoTlaPZw=",
        "owner": "NorfairKing",
        "repo": "yesod-static-remote",
        "rev": "f3a65a0012b0a82c963ec027732be18d45c0c991",
        "type": "github"
      },
      "original": {
        "owner": "NorfairKing",
        "repo": "yesod-static-remote",
        "type": "github"
      }
    }
  },
  "root": "root",
  "version": 7
}
