{
  "nodes": {
    "autodocodec": {
      "flake": false,
      "locked": {
        "lastModified": 1678548067,
        "narHash": "sha256-k+D2WEbUrUlwXtiP6FPk/tuX2IEp8+FZOID316nEmJk=",
        "owner": "NorfairKing",
        "repo": "autodocodec",
        "rev": "fa4d53e6c7694427c9d777b883fc446c4f3651b0",
        "type": "github"
      },
      "original": {
        "owner": "NorfairKing",
        "repo": "autodocodec",
        "type": "github"
      }
    },
    "autodocodec_2": {
      "flake": false,
      "locked": {
        "lastModified": 1666331698,
        "narHash": "sha256-VrONoycKv3lOwN/oKet3Pix96aFNgK+PmLevzBgSsgY=",
        "owner": "NorfairKing",
        "repo": "autodocodec",
        "rev": "fdc5171d0f904613b6a8b986a909c7a8ade4d2f1",
        "type": "github"
      },
      "original": {
        "owner": "NorfairKing",
        "ref": "flake",
        "repo": "autodocodec",
        "type": "github"
      }
    },
    "autorecorder": {
      "flake": false,
      "locked": {
        "lastModified": 1667054428,
        "narHash": "sha256-r70uDYTEJ/cn59ldR1f6M5x6OrOXQQzq9QtK6tpTEew=",
        "owner": "NorfairKing",
        "repo": "autorecorder",
        "rev": "ad63034ea9ab05f980e48536a7281f337a498acc",
        "type": "github"
      },
      "original": {
        "owner": "NorfairKing",
        "ref": "flake",
        "repo": "autorecorder",
        "type": "github"
      }
    },
    "cursor": {
      "flake": false,
      "locked": {
        "lastModified": 1666975590,
        "narHash": "sha256-jq4Lx3vCaoT30CfsxbLnwYyaH3FynylspOPhAhoDbVo=",
        "owner": "NorfairKing",
        "repo": "cursor",
        "rev": "967dba32b9362351600c91afc29a270b0e529fe6",
        "type": "github"
      },
      "original": {
        "owner": "NorfairKing",
        "ref": "flake",
        "repo": "cursor",
        "type": "github"
      }
    },
    "cursor-brick": {
      "flake": false,
      "locked": {
        "lastModified": 1667047484,
        "narHash": "sha256-wS4loDxhV6T45qdaDvFl1gDEheiY9The2KJIVlWcD/o=",
        "owner": "NorfairKing",
        "repo": "cursor-brick",
        "rev": "8b7c37e5ec452ada46d86ffef8255c6802b0aeb6",
        "type": "github"
      },
      "original": {
        "owner": "NorfairKing",
        "ref": "flake",
        "repo": "cursor-brick",
        "type": "github"
      }
    },
    "cursor-dirforest": {
      "flake": false,
      "locked": {
        "lastModified": 1667048336,
        "narHash": "sha256-tu04jtSdnHoBquSzKg6m9cEXGXimcTDaiaF3ogL4fVs=",
        "owner": "NorfairKing",
        "repo": "cursor-dirforest",
        "rev": "9c38f93c3ca1858a0ec9c59034a53e9df2dbb6c7",
        "type": "github"
      },
      "original": {
        "owner": "NorfairKing",
        "ref": "flake",
        "repo": "cursor-dirforest",
        "type": "github"
      }
    },
    "cursor-fuzzy-time": {
      "flake": false,
      "locked": {
        "lastModified": 1667049333,
        "narHash": "sha256-crcnh28c1JHxLURD1bEg/HrPSuJtIQ2buiBFjFUoxN0=",
        "owner": "NorfairKing",
        "repo": "cursor-fuzzy-time",
        "rev": "af5583fb4ccb9de6107ba7e907f733a37befbb6a",
        "type": "github"
      },
      "original": {
        "owner": "NorfairKing",
        "ref": "flake",
        "repo": "cursor-fuzzy-time",
        "type": "github"
      }
    },
    "dekking": {
      "flake": false,
      "locked": {
        "lastModified": 1678377090,
        "narHash": "sha256-NFWscfnX7YBi1cNbvqsjmxIZj8rlkUtw6xt7TFYpWg8=",
        "owner": "NorfairKing",
        "repo": "dekking",
        "rev": "c097084b56865cc227837340b6084a0582e959f6",
        "type": "github"
      },
      "original": {
        "owner": "NorfairKing",
        "repo": "dekking",
        "type": "github"
      }
    },
    "dirforest": {
      "flake": false,
      "locked": {
        "lastModified": 1678116579,
        "narHash": "sha256-kgWuivFcjm9WDyLlmyE2SGD9jMJE07whLHcgPWu0bL0=",
        "owner": "NorfairKing",
        "repo": "dirforest",
        "rev": "76d09379fd8e58c6d5c7287aeddd5a2d3d281562",
        "type": "github"
      },
      "original": {
        "owner": "NorfairKing",
        "repo": "dirforest",
        "type": "github"
      }
    },
    "feedback": {
      "flake": false,
      "locked": {
        "lastModified": 1674569327,
        "narHash": "sha256-gFjlU7OTdv+J61F+gfQMwysrXIh7VT/lO/7psEbB7rs=",
        "owner": "NorfairKing",
        "repo": "feedback",
        "rev": "2a9b01b677fe2a272c15e63b10c8ed3d0b8faed8",
        "type": "github"
      },
      "original": {
        "owner": "NorfairKing",
        "repo": "feedback",
        "type": "github"
      }
    },
    "flake-compat": {
      "flake": false,
      "locked": {
        "lastModified": 1673956053,
        "narHash": "sha256-4gtG9iQuiKITOjNQQeQIpoIB6b16fm+504Ch3sNKLd8=",
        "owner": "edolstra",
        "repo": "flake-compat",
        "rev": "35bb57c0c8d8b62bbfd284272c928ceb64ddbde9",
        "type": "github"
      },
      "original": {
        "owner": "edolstra",
        "repo": "flake-compat",
        "type": "github"
      }
    },
    "flake-utils": {
      "locked": {
        "lastModified": 1659877975,
        "narHash": "sha256-zllb8aq3YO3h8B/U0/J1WBgAL8EX5yWf5pMj3G0NAmc=",
        "owner": "numtide",
        "repo": "flake-utils",
        "rev": "c0e246b9b83f637f4681389ecabcb2681b4f3af0",
        "type": "github"
      },
      "original": {
        "owner": "numtide",
        "repo": "flake-utils",
        "type": "github"
      }
    },
    "flake-utils_2": {
      "locked": {
        "lastModified": 1644229661,
        "narHash": "sha256-1YdnJAsNy69bpcjuoKdOYQX0YxZBiCYZo4Twxerqv7k=",
        "owner": "numtide",
        "repo": "flake-utils",
        "rev": "3cecb5b042f7f209c56ffd8371b2711a290ec797",
        "type": "github"
      },
      "original": {
        "owner": "numtide",
        "repo": "flake-utils",
        "type": "github"
      }
    },
    "flake-utils_3": {
      "locked": {
        "lastModified": 1667395993,
        "narHash": "sha256-nuEHfE/LcWyuSWnS8t12N1wc105Qtau+/OdUAjtQ0rA=",
        "owner": "numtide",
        "repo": "flake-utils",
        "rev": "5aed5285a952e0b949eb3ba02c12fa4fcfef535f",
        "type": "github"
      },
      "original": {
        "owner": "numtide",
        "repo": "flake-utils",
        "type": "github"
      }
    },
    "fuzzy-time": {
      "flake": false,
      "locked": {
        "lastModified": 1667048935,
        "narHash": "sha256-ZePXuoJZhABvASK7eO8GLpbfcdVF2Rh6KMyAHBTYPA0=",
        "owner": "NorfairKing",
        "repo": "fuzzy-time",
        "rev": "aa3412d157da89b9f21dcda92b5c91a53b36ddd1",
        "type": "github"
      },
      "original": {
        "owner": "NorfairKing",
        "ref": "flake",
        "repo": "fuzzy-time",
        "type": "github"
      }
    },
    "get-flake": {
      "locked": {
        "lastModified": 1673819588,
        "narHash": "sha256-gRtwKAlu4htvS6dxyZnW3n+vMS1acqnMGVHqxUdETeY=",
        "owner": "ursi",
        "repo": "get-flake",
        "rev": "e0917b6f564aa5acefb1484b5baf76da21746c3c",
        "type": "github"
      },
      "original": {
        "owner": "ursi",
        "repo": "get-flake",
        "type": "github"
      }
    },
    "gitignore": {
      "inputs": {
        "nixpkgs": [
          "pre-commit-hooks",
          "nixpkgs"
        ]
      },
      "locked": {
        "lastModified": 1660459072,
        "narHash": "sha256-8DFJjXG8zqoONA1vXtgeKXy68KdJL5UaXR8NtVMUbx8=",
        "owner": "hercules-ci",
        "repo": "gitignore.nix",
        "rev": "a20de23b925fd8264fd7fad6454652e142fd7f73",
        "type": "github"
      },
      "original": {
        "owner": "hercules-ci",
        "repo": "gitignore.nix",
        "type": "github"
      }
    },
    "haskell-dependency-graph-nix": {
      "inputs": {
        "nixpkgs": [
          "nixpkgs"
        ],
        "pre-commit-hooks": [
          "pre-commit-hooks"
        ]
      },
      "locked": {
        "lastModified": 1670417232,
        "narHash": "sha256-mSKwKYAmOrKW2VQ7AL1x5GOFmbXd5FV02ImxdJl+mZg=",
        "owner": "NorfairKing",
        "repo": "haskell-dependency-graph-nix",
        "rev": "1dd987dee4863e47f69eae2b1e3df1b747d43e53",
        "type": "github"
      },
      "original": {
        "owner": "NorfairKing",
        "repo": "haskell-dependency-graph-nix",
        "type": "github"
      }
    },
    "home-manager": {
      "inputs": {
        "nixpkgs": "nixpkgs",
        "utils": "utils"
      },
      "locked": {
        "lastModified": 1679067101,
        "narHash": "sha256-tMI1inGT9u4KWQml0w30dhWqQPlth1e9K/68sfDkEQA=",
        "owner": "nix-community",
        "repo": "home-manager",
        "rev": "9154cd519a8942728038819682d6b3ff33f321bb",
        "type": "github"
      },
      "original": {
        "owner": "nix-community",
        "ref": "release-22.11",
        "repo": "home-manager",
        "type": "github"
      }
    },
    "ical": {
      "flake": false,
      "locked": {
        "lastModified": 1679386625,
        "narHash": "sha256-Y/TgKFgM53jSGYbFhXf0QcuhlpLcQAEVAoTVWr/CxPw=",
        "owner": "NorfairKing",
        "repo": "ical",
        "rev": "43776baa8816246519be9703abe8cb0136d00808",
        "type": "github"
      },
      "original": {
        "owner": "NorfairKing",
        "repo": "ical",
        "type": "github"
      }
    },
    "linkcheck": {
      "flake": false,
      "locked": {
        "lastModified": 1666446235,
        "narHash": "sha256-ZKZJZ7CtVT8PnrZQeyQZGRNhMlmAbeC+lxxbIh0U0ck=",
        "owner": "NorfairKing",
        "repo": "linkcheck",
        "rev": "bb0c6567379232fd9e6d5ae56214804200a63ce0",
        "type": "github"
      },
      "original": {
        "owner": "NorfairKing",
        "ref": "flake",
        "repo": "linkcheck",
        "type": "github"
      }
    },
    "looper": {
      "flake": false,
      "locked": {
        "lastModified": 1678379009,
        "narHash": "sha256-zH9KqFkjqKhNy99uavmFCYJEE+CV/P3BcBUJcxFLpWs=",
        "owner": "NorfairKing",
        "repo": "looper",
        "rev": "65975dd100b162bb1e297be69099ba3ce73d1862",
        "type": "github"
      },
      "original": {
        "owner": "NorfairKing",
        "repo": "looper",
        "type": "github"
      }
    },
    "mergeful": {
      "flake": false,
      "locked": {
        "lastModified": 1666635739,
        "narHash": "sha256-nadbMT/+iGEEeyL1qnSyTS7ZgzsszN9OqJvRp44Gp80=",
        "owner": "NorfairKing",
        "repo": "mergeful",
        "rev": "63ad193c17e2f5fd403869d1b539684b1a6c5d88",
        "type": "github"
      },
      "original": {
        "owner": "NorfairKing",
        "repo": "mergeful",
        "type": "github"
      }
    },
    "nixpkgs": {
      "locked": {
        "lastModified": 1667629849,
        "narHash": "sha256-P+v+nDOFWicM4wziFK9S/ajF2lc0N2Rg9p6Y35uMoZI=",
        "owner": "nixos",
        "repo": "nixpkgs",
        "rev": "3bacde6273b09a21a8ccfba15586fb165078fb62",
        "type": "github"
      },
      "original": {
        "owner": "nixos",
        "ref": "nixos-unstable",
        "repo": "nixpkgs",
        "type": "github"
      }
    },
    "nixpkgs-stable": {
      "locked": {
        "lastModified": 1678872516,
        "narHash": "sha256-/E1YwtMtFAu2KUQKV/1+KFuReYPANM2Rzehk84VxVoc=",
        "owner": "NixOS",
        "repo": "nixpkgs",
        "rev": "9b8e5abb18324c7fe9f07cb100c3cd4a29cda8b8",
        "type": "github"
      },
      "original": {
        "owner": "NixOS",
        "ref": "nixos-22.11",
        "repo": "nixpkgs",
        "type": "github"
      }
    },
    "nixpkgs_2": {
      "locked": {
        "lastModified": 1679318992,
        "narHash": "sha256-uoj5Oy6hruIHuxzfQZtcalObe5kPrX9v+ClUMFEOzmE=",
        "owner": "NixOS",
        "repo": "nixpkgs",
        "rev": "e2c97799da5f5cd87adfa5017fba971771e123ef",
        "type": "github"
      },
      "original": {
        "owner": "NixOS",
        "ref": "nixos-22.11",
        "repo": "nixpkgs",
        "type": "github"
      }
    },
    "nixpkgs_3": {
      "locked": {
        "lastModified": 1666249138,
        "narHash": "sha256-CzK8NA8xEMKAhvHXB8UMODckcH97sZXm6lziKNWLv0M=",
        "owner": "NixOS",
        "repo": "nixpkgs",
        "rev": "44fc3cb097324c9f9f93313dd3f103e78d722968",
        "type": "github"
      },
      "original": {
        "owner": "NixOS",
        "ref": "nixos-22.05",
        "repo": "nixpkgs",
        "type": "github"
      }
    },
    "nixpkgs_4": {
      "locked": {
        "lastModified": 1645655918,
        "narHash": "sha256-ZfbEFRW7o237+A1P7eTKhXje435FCAoe0blj2n20Was=",
        "owner": "nixos",
        "repo": "nixpkgs",
        "rev": "77a7a4197740213879b9a1d2e1788c6c8ade4274",
        "type": "github"
      },
      "original": {
        "id": "nixpkgs",
        "type": "indirect"
      }
    },
    "nixpkgs_5": {
      "locked": {
        "lastModified": 1678898370,
        "narHash": "sha256-xTICr1j+uat5hk9FyuPOFGxpWHdJRibwZC+ATi0RbtE=",
        "owner": "NixOS",
        "repo": "nixpkgs",
        "rev": "ac718d02867a84b42522a0ece52d841188208f2c",
        "type": "github"
      },
      "original": {
        "owner": "NixOS",
        "ref": "nixos-unstable",
        "repo": "nixpkgs",
        "type": "github"
      }
    },
    "openapi-code-generator": {
      "inputs": {
        "autodocodec": "autodocodec_2",
        "flake-utils": "flake-utils",
        "nixpkgs": "nixpkgs_3",
        "pre-commit-hooks": "pre-commit-hooks",
        "safe-coloured-text": "safe-coloured-text",
        "sydtest": "sydtest",
        "validity": "validity"
      },
      "locked": {
        "lastModified": 1666818406,
        "narHash": "sha256-uYjZ5M+NeJV5Q4Ps/TicSJJgpzVIJMsEOopBYO5AhmE=",
        "owner": "Haskell-OpenAPI-Code-Generator",
        "repo": "Haskell-OpenAPI-Client-Code-Generator",
        "rev": "b37f645f7305c4e1d205db47debb498cb698ee8c",
        "type": "github"
      },
      "original": {
        "owner": "Haskell-OpenAPI-Code-Generator",
        "ref": "flake",
        "repo": "Haskell-OpenAPI-Client-Code-Generator",
        "type": "github"
      }
    },
    "pre-commit-hooks": {
      "inputs": {
        "flake-utils": "flake-utils_2",
        "nixpkgs": "nixpkgs_4"
      },
      "locked": {
        "lastModified": 1666160137,
        "narHash": "sha256-8bQu+6poMzUyS2n3C1v3hkO6ZhRzj8Pf3CDCNckqQE4=",
        "owner": "cachix",
        "repo": "pre-commit-hooks.nix",
        "rev": "e6c8efee1c108bb27522b9fd25b1cd0eb3288681",
        "type": "github"
      },
      "original": {
        "owner": "cachix",
        "repo": "pre-commit-hooks.nix",
        "type": "github"
      }
    },
    "pre-commit-hooks_2": {
      "inputs": {
        "flake-compat": "flake-compat",
        "flake-utils": "flake-utils_3",
        "gitignore": "gitignore",
        "nixpkgs": "nixpkgs_5",
        "nixpkgs-stable": "nixpkgs-stable"
      },
      "locked": {
        "lastModified": 1678976941,
        "narHash": "sha256-skNr08frCwN9NO+7I77MjOHHAw+L410/37JknNld+W4=",
        "owner": "cachix",
        "repo": "pre-commit-hooks.nix",
        "rev": "32b1dbedfd77892a6e375737ef04d8efba634e9e",
        "type": "github"
      },
      "original": {
        "owner": "cachix",
        "repo": "pre-commit-hooks.nix",
        "type": "github"
      }
    },
    "root": {
      "inputs": {
        "autodocodec": "autodocodec",
        "autorecorder": "autorecorder",
        "cursor": "cursor",
        "cursor-brick": "cursor-brick",
        "cursor-dirforest": "cursor-dirforest",
        "cursor-fuzzy-time": "cursor-fuzzy-time",
        "dekking": "dekking",
        "dirforest": "dirforest",
        "feedback": "feedback",
        "fuzzy-time": "fuzzy-time",
        "get-flake": "get-flake",
        "haskell-dependency-graph-nix": "haskell-dependency-graph-nix",
        "home-manager": "home-manager",
        "ical": "ical",
        "linkcheck": "linkcheck",
        "looper": "looper",
        "mergeful": "mergeful",
        "nixpkgs": "nixpkgs_2",
        "openapi-code-generator": "openapi-code-generator",
        "pre-commit-hooks": "pre-commit-hooks_2",
        "safe-coloured-text": "safe-coloured-text_2",
        "seocheck": "seocheck",
        "smos-latest-release": "smos-latest-release",
        "sydtest": "sydtest_2",
        "template-haskell-reload": "template-haskell-reload",
        "validity": "validity_2",
        "yesod-autoreload": "yesod-autoreload",
        "yesod-static-remote": "yesod-static-remote"
      }
    },
    "safe-coloured-text": {
      "flake": false,
      "locked": {
        "lastModified": 1666332070,
        "narHash": "sha256-Jvx1599QUkgzPhdvSOrxEKKBXF42eYv26EgXwM+RguU=",
        "owner": "NorfairKing",
        "repo": "safe-coloured-text",
        "rev": "df6d65d1afb0140d081b685b411dcfe03ae6f789",
        "type": "github"
      },
      "original": {
        "owner": "NorfairKing",
        "ref": "flake",
        "repo": "safe-coloured-text",
        "type": "github"
      }
    },
    "safe-coloured-text_2": {
      "flake": false,
      "locked": {
        "lastModified": 1669817722,
        "narHash": "sha256-2RTGykR47BhFYXc0bk9Btrik3t39kS5jr9CUxMlDpUg=",
        "owner": "NorfairKing",
        "repo": "safe-coloured-text",
        "rev": "f18578151d579c495eda46b8eeafcddb69adea07",
        "type": "github"
      },
      "original": {
        "owner": "NorfairKing",
        "repo": "safe-coloured-text",
        "type": "github"
      }
    },
    "seocheck": {
      "flake": false,
      "locked": {
        "lastModified": 1666446550,
        "narHash": "sha256-wX5T3XDlhVnrl8+WYhewb5KTLHKvZFwXFqkFhz+xAAw=",
        "owner": "NorfairKing",
        "repo": "seocheck",
        "rev": "274c97eb1f2947d4b0392bf3b98d3d2c44138242",
        "type": "github"
      },
      "original": {
        "owner": "NorfairKing",
        "ref": "flake",
        "repo": "seocheck",
        "type": "github"
      }
    },
    "smos-latest-release": {
      "flake": false,
      "locked": {
        "lastModified": 1668531566,
        "narHash": "sha256-yn8sFOf0lsOcwVBejvsIUqv32uHzypPY6WTaS1Z63Ho=",
        "owner": "NorfairKing",
        "repo": "smos",
        "rev": "82b5121c1f1462159c20d8012b5a89b4c772dcb3",
        "type": "github"
      },
      "original": {
        "owner": "NorfairKing",
        "ref": "release",
        "repo": "smos",
        "type": "github"
      }
    },
    "sydtest": {
      "flake": false,
      "locked": {
        "lastModified": 1666335564,
        "narHash": "sha256-RUAQuAaCCF+bFXWKQV9lx3Caj9pHp7l5NGnMfBaK05I=",
        "owner": "NorfairKing",
        "repo": "sydtest",
        "rev": "56eb625a7603652f475d0cfd4af50b700e9a5d1e",
        "type": "github"
      },
      "original": {
        "owner": "NorfairKing",
        "ref": "flake",
        "repo": "sydtest",
        "type": "github"
      }
    },
    "sydtest_2": {
      "flake": false,
      "locked": {
        "lastModified": 1676299852,
        "narHash": "sha256-mw0JWNB8SW4H0pYSn1fw8DyMJa7cf7KhedZ1M5TnWJ8=",
        "owner": "NorfairKing",
        "repo": "sydtest",
        "rev": "2375dbc3b8cc34788dca2baea779f148c173f5b0",
        "type": "github"
      },
      "original": {
        "owner": "NorfairKing",
        "repo": "sydtest",
        "type": "github"
      }
    },
    "template-haskell-reload": {
      "flake": false,
      "locked": {
        "lastModified": 1666974999,
        "narHash": "sha256-TrA3FkupCmo7qE29OydbO/7NQ/JCEgQerrEHBIpSjXc=",
        "owner": "NorfairKing",
        "repo": "template-haskell-reload",
        "rev": "196dd03ac43d1c1bc65fb99d9b93eab7e4b898fe",
        "type": "github"
      },
      "original": {
        "owner": "NorfairKing",
        "ref": "flake",
        "repo": "template-haskell-reload",
        "type": "github"
      }
    },
    "utils": {
      "locked": {
        "lastModified": 1667395993,
        "narHash": "sha256-nuEHfE/LcWyuSWnS8t12N1wc105Qtau+/OdUAjtQ0rA=",
        "owner": "numtide",
        "repo": "flake-utils",
        "rev": "5aed5285a952e0b949eb3ba02c12fa4fcfef535f",
        "type": "github"
      },
      "original": {
        "owner": "numtide",
        "repo": "flake-utils",
        "type": "github"
      }
    },
    "validity": {
      "flake": false,
      "locked": {
        "lastModified": 1666331942,
        "narHash": "sha256-xKqunzWw3w7OaKSatckNxn7gCKtusjaj9szhgBWQwAc=",
        "owner": "NorfairKing",
        "repo": "validity",
        "rev": "dc24b655564beaa6750e390e37e64f8b0b67e18f",
        "type": "github"
      },
      "original": {
        "owner": "NorfairKing",
        "ref": "flake",
        "repo": "validity",
        "type": "github"
      }
    },
    "validity_2": {
      "flake": false,
      "locked": {
        "lastModified": 1669817739,
        "narHash": "sha256-9b+ZlM5HnTa9naN95QWVwVsssFdX71GA02JFmGxBayA=",
        "owner": "NorfairKing",
        "repo": "validity",
        "rev": "a251897dc1eb7e851fd4d3dbc6fa976d22388f27",
        "type": "github"
      },
      "original": {
        "owner": "NorfairKing",
        "repo": "validity",
        "type": "github"
      }
    },
    "yesod-autoreload": {
      "flake": false,
      "locked": {
        "lastModified": 1679385620,
        "narHash": "sha256-/MpCcZQl2wrSL9wM+zWT1SfTNdi8oQ4zJKHYC0QwI4c=",
        "owner": "NorfairKing",
        "repo": "yesod-autoreload",
        "rev": "1bf9e7188e68ac97c8c0a57310fae2918adffc43",
        "type": "github"
      },
      "original": {
        "owner": "NorfairKing",
        "repo": "yesod-autoreload",
        "type": "github"
      }
    },
    "yesod-static-remote": {
      "flake": false,
      "locked": {
        "lastModified": 1679385626,
        "narHash": "sha256-459IIlqlE5PV9ZrQxdZDZXTSXXt/ZjTRXNmK11RcmPA=",
        "owner": "NorfairKing",
        "repo": "yesod-static-remote",
        "rev": "31c66610453058a7be79a0517017dc1e51475f67",
        "type": "github"
      },
      "original": {
        "owner": "NorfairKing",
        "repo": "yesod-static-remote",
        "type": "github"
      }
    }
  },
  "root": "root",
  "version": 7
}
