# This file was autogenerated by Stack.
# You should not edit this file by hand.
# For more information, please see the documentation at:
#   https://docs.haskellstack.org/en/stable/lock_files

packages:
- completed:
    size: 2256897
    subdir: openapi3-code-generator
    url: https://github.com/Haskell-OpenAPI-Code-Generator/Haskell-OpenAPI-Client-Code-Generator/archive/84e78c2c89ed7931a345ca4fe540c748c2600389.tar.gz
    name: openapi3-code-generator
    version: 0.1.0.6
    sha256: 1f1f405506d9be86147a35720b2bdb2e16979251e7c436b26ad79f9fd5b67417
    pantry-tree:
      size: 2718
      sha256: f9ee981234cd455a15e35d882a23a4577336641b13d26dc3fa18150f1758d58f
  original:
    subdir: openapi3-code-generator
    url: https://github.com/Haskell-OpenAPI-Code-Generator/Haskell-OpenAPI-Client-Code-Generator/archive/84e78c2c89ed7931a345ca4fe540c748c2600389.tar.gz
- completed:
    size: 59455
    subdir: autodocodec
    url: https://github.com/NorfairKing/autodocodec/archive/9880ec062f1166bdac50b8eb59c6dd010bc9af0c.tar.gz
    name: autodocodec
    version: 0.0.1.0
    sha256: 1e5836cd7e8a43a57c0af59639bc8d0d14811ce1c0b33da438c6eab2b12b1efd
    pantry-tree:
      size: 789
      sha256: bf5fcd9fcdb4c25d838def764d6fa17bc16176304ee6e5dd3606977dc53323cf
  original:
    subdir: autodocodec
    url: https://github.com/NorfairKing/autodocodec/archive/9880ec062f1166bdac50b8eb59c6dd010bc9af0c.tar.gz
- completed:
    size: 59455
    subdir: autodocodec-yaml
    url: https://github.com/NorfairKing/autodocodec/archive/9880ec062f1166bdac50b8eb59c6dd010bc9af0c.tar.gz
    name: autodocodec-yaml
    version: 0.1.0.1
    sha256: 1e5836cd7e8a43a57c0af59639bc8d0d14811ce1c0b33da438c6eab2b12b1efd
    pantry-tree:
      size: 540
      sha256: ab21512ebf56fe55b794451da17c5f746e42748fed0e1d03a50613d5410114ab
  original:
    subdir: autodocodec-yaml
    url: https://github.com/NorfairKing/autodocodec/archive/9880ec062f1166bdac50b8eb59c6dd010bc9af0c.tar.gz
- completed:
    size: 59455
    subdir: autodocodec-schema
    url: https://github.com/NorfairKing/autodocodec/archive/9880ec062f1166bdac50b8eb59c6dd010bc9af0c.tar.gz
    name: autodocodec-schema
    version: 0.1.0.0
    sha256: 1e5836cd7e8a43a57c0af59639bc8d0d14811ce1c0b33da438c6eab2b12b1efd
    pantry-tree:
      size: 336
      sha256: 29000820b2be961dcbae4128267736c7bc3dd8a2f43108bb736d5c75e590e5e1
  original:
    subdir: autodocodec-schema
    url: https://github.com/NorfairKing/autodocodec/archive/9880ec062f1166bdac50b8eb59c6dd010bc9af0c.tar.gz
snapshots:
- completed:
    size: 586286
    url: https://raw.githubusercontent.com/commercialhaskell/stackage-snapshots/master/lts/18/16.yaml
    sha256: cdead65fca0323144b346c94286186f4969bf85594d649c49c7557295675d8a5
  original: lts-18.16
