# This file was autogenerated by Stack.
# You should not edit this file by hand.
# For more information, please see the documentation at:
#   https://docs.haskellstack.org/en/stable/lock_files

packages:
- completed:
    subdir: openapi3-code-generator
    name: openapi3-code-generator
    version: 0.1.0.6
    git: https://github.com/Haskell-OpenAPI-Code-Generator/Haskell-OpenAPI-Client-Code-Generator.git
    pantry-tree:
      size: 2562
      sha256: e22e9187a4b9c7d5d6df1992e0e40e3525280df2930fe79d169e8fffc4acbe39
    commit: 46a937a19c5dd2d5e3b8afaea063a1e17cfc9ff2
  original:
    subdir: openapi3-code-generator
    git: https://github.com/Haskell-OpenAPI-Code-Generator/Haskell-OpenAPI-Client-Code-Generator.git
    commit: 46a937a19c5dd2d5e3b8afaea063a1e17cfc9ff2
snapshots:
- completed:
    size: 532377
    url: https://raw.githubusercontent.com/commercialhaskell/stackage-snapshots/master/lts/16/12.yaml
    sha256: f914cfa23fef85bdf895e300a8234d9d0edc2dbec67f4bc9c53f85867c50eab6
  original: lts-16.12
