# This file was autogenerated by Stack.
# You should not edit this file by hand.
# For more information, please see the documentation at:
#   https://docs.haskellstack.org/en/stable/lock_files

packages:
- completed:
    hackage: hakyll-4.13.0.0@sha256:bb5cea5e4f88fd3e6818b86437cddf49755afb176d7675ff50c78c31a2f9c687,8751
    pantry-tree:
      size: 7703
      sha256: 17524533799bfa128be0a135f25ff0973e850e050a7969542e94fa123c6f4466
  original:
    hackage: hakyll-4.13.0.0
- completed:
    hackage: hakyll-sass-0.2.4@sha256:4d2fbd8b63f5ef15483fc6dda09e10eefd63b4f873ad38dec2a3607eb504a8ba,939
    pantry-tree:
      size: 217
      sha256: c03e74e71d010f009b8d972efc31fbd6dd25183e6d9afbec55f4b7f0d4a74b47
  original:
    hackage: hakyll-sass-0.2.4
- completed:
    hackage: typed-uuid-0.0.0.0@sha256:623b8c37206aa7da887db0e17f590789fd3d602d7a70742b7486fa038981ef90,1272
    pantry-tree:
      size: 315
      sha256: dd9becba36b5b51f47d882049b5b29d9e41dcebffc33fe648e0dd3b0a4775017
  original:
    hackage: typed-uuid-0.0.0.0@sha256:623b8c37206aa7da887db0e17f590789fd3d602d7a70742b7486fa038981ef90,1272
- completed:
    hackage: genvalidity-typed-uuid-0.0.0.0@sha256:3f3e43d3a2876c977aca262a57c2bc9a6f7411d9a071677ebb8ac01504e99acb,1703
    pantry-tree:
      size: 456
      sha256: 7f0ca8077fa9335840ac7780a535bda3054c98df71dcc6dac5ac98c6c86ff47a
  original:
    hackage: genvalidity-typed-uuid-0.0.0.0@sha256:3f3e43d3a2876c977aca262a57c2bc9a6f7411d9a071677ebb8ac01504e99acb,1703
- completed:
    cabal-file:
      size: 1917
      sha256: 68c625360fc4b5c12e242f62704d9f345bfc5080e26c706f44b1422859fee3d2
    name: sqlite
    version: 0.5.5
    git: https://github.com/GaloisInc/sqlite.git
    pantry-tree:
      size: 2723
      sha256: c5cf2f53919a1e7752478206de73c0af5cb993e7e6021c059ab41bbd2c16d0fb
    commit: e93ee84000c1d1eedbc23036c4a20ffd07e3145f
  original:
    git: https://github.com/GaloisInc/sqlite.git
    commit: e93ee84000c1d1eedbc23036c4a20ffd07e3145f
- completed:
    subdir: persistent
    cabal-file:
      size: 4678
      sha256: bd4bfa1e0ae713620eef9de88f0331e0e9aae1daeb91ccccee90e12b9142c3e3
    name: persistent
    version: 2.10.0
    git: https://github.com/NorfairKing/persistent
    pantry-tree:
      size: 2094
      sha256: a3e3ce95eb03de7cb5cb2e5d9ad61ca2670ff0f94a193ca7321978985663e7b0
    commit: 0e3bbb1bd2f5f6383f9eb0407a2416e8b12255ee
  original:
    subdir: persistent
    git: https://github.com/NorfairKing/persistent
    commit: 0e3bbb1bd2f5f6383f9eb0407a2416e8b12255ee
- completed:
    subdir: persistent-template
    cabal-file:
      size: 2703
      sha256: 6705bd3063fdc9dcb83515f9c748f948b8f2d3316a178ea20a775f7003272463
    name: persistent-template
    version: 2.7.1
    git: https://github.com/NorfairKing/persistent
    pantry-tree:
      size: 619
      sha256: 2fe219a4a045bcbf4c7e3778ee383acda2f8c931dbeb3cf0d7505e958b10248a
    commit: 0e3bbb1bd2f5f6383f9eb0407a2416e8b12255ee
  original:
    subdir: persistent-template
    git: https://github.com/NorfairKing/persistent
    commit: 0e3bbb1bd2f5f6383f9eb0407a2416e8b12255ee
- completed:
    subdir: persistent-test
    cabal-file:
      size: 3648
      sha256: 44eb2e8bcf9881c21659073dd7fbed806a59436330c812ffeb598213ebd29c67
    name: persistent-test
    version: 2.0.3.0
    git: https://github.com/NorfairKing/persistent
    pantry-tree:
      size: 2432
      sha256: 22ccb2efcbe9fe3287cb7be698a7fbaaacc07b72b87ebc6645c1dc350adc0d3d
    commit: 0e3bbb1bd2f5f6383f9eb0407a2416e8b12255ee
  original:
    subdir: persistent-test
    git: https://github.com/NorfairKing/persistent
    commit: 0e3bbb1bd2f5f6383f9eb0407a2416e8b12255ee
- completed:
    subdir: persistent-sqlite
    cabal-file:
      size: 4519
      sha256: 9d24756cab89e079286a3030ee490e2595203aba879e639450e66d3b604fd381
    name: persistent-sqlite
    version: 2.10.0
    git: https://github.com/NorfairKing/persistent
    pantry-tree:
      size: 824
      sha256: 1af1fb315905b8cc0513e2117d02c9b75f16209c42e0ceec78afde8c754dfcb4
    commit: 0e3bbb1bd2f5f6383f9eb0407a2416e8b12255ee
  original:
    subdir: persistent-sqlite
    git: https://github.com/NorfairKing/persistent
    commit: 0e3bbb1bd2f5f6383f9eb0407a2416e8b12255ee
- completed:
    subdir: mergeful
    cabal-file:
      size: 1235
      sha256: e8a4a98939b0177dddd0cf509b495f31689fe78e1e87756aeccb7a9864cb8e1d
    name: mergeful
    version: 0.1.0.0
    git: https://github.com/NorfairKing/mergeful
    pantry-tree:
      size: 583
      sha256: 00d4defd13c8dc9d7903b0f22ea9192867b3be1a67f9973f8fd1d11b21b6afdc
    commit: 83dc4d8e9415391aa6a1fde37e6af0bbc8bbf4f0
  original:
    subdir: mergeful
    git: https://github.com/NorfairKing/mergeful
    commit: 83dc4d8e9415391aa6a1fde37e6af0bbc8bbf4f0
- completed:
    subdir: genvalidity-mergeful
    cabal-file:
      size: 1942
      sha256: 96e3acbe635795dd56216c24ba2390a8a1b9689520046337c6dea1a3185f9408
    name: genvalidity-mergeful
    version: 0.1.0.0
    git: https://github.com/NorfairKing/mergeful
    pantry-tree:
      size: 984
      sha256: c882350a28a7360e7a21b4fd30ff15cdabcde37b57e279c063fa124c347da535
    commit: 83dc4d8e9415391aa6a1fde37e6af0bbc8bbf4f0
  original:
    subdir: genvalidity-mergeful
    git: https://github.com/NorfairKing/mergeful
    commit: 83dc4d8e9415391aa6a1fde37e6af0bbc8bbf4f0
- completed:
    cabal-file:
      size: 3674
      sha256: 22affcc8afb9ab2de57856f711a5b0d7f97b53a6240e01195cfb8bbc9a79b292
    name: orgmode-parse
    version: 0.2.1
    git: https://github.com/ixmatus/orgmode-parse
    pantry-tree:
      size: 2386
      sha256: 102756fad01cbdd258886cf01d81e67c7510ae0abed916291197f2c59ac24b13
    commit: 1bdfbfe8fb7299724a6f6a122a93b2e96dd839f8
  original:
    git: https://github.com/ixmatus/orgmode-parse
    commit: 1bdfbfe8fb7299724a6f6a122a93b2e96dd839f8
- completed:
    cabal-file:
      size: 1777
      sha256: 73f31fa2b1aa463a7192e886111f74690eefe197911503295056e9b5f0d910e3
    name: pretty-relative-time
    version: 0.0.0.0
    git: https://github.com/NorfairKing/pretty-relative-time.git
    pantry-tree:
      size: 1331
      sha256: ae3996fd5fb3e3504c5bd95c8399132b0433b176cd3d24cb5da9877cde4838e4
    commit: 21b29c9d729ed91a56819f569de6fdc8582d7e3d
  original:
    git: https://github.com/NorfairKing/pretty-relative-time.git
    commit: 21b29c9d729ed91a56819f569de6fdc8582d7e3d
- completed:
    subdir: cursor-fuzzy-time
    cabal-file:
      size: 974
      sha256: f312ac67a87438c2be2024ffa9125d0bcfb9f93cd2fe6a2365dd8124a64ff37a
    name: cursor-fuzzy-time
    version: 0.0.0.0
    git: https://github.com/NorfairKing/cursor-fuzzy-time.git
    pantry-tree:
      size: 348
      sha256: 3da6edc17492af8be681db287fcfb6384078bc47ff7b50648151107cb132ae22
    commit: 251f53f7bf12997f2f14ff445fdff818f41f03e8
  original:
    subdir: cursor-fuzzy-time
    git: https://github.com/NorfairKing/cursor-fuzzy-time.git
    commit: 251f53f7bf12997f2f14ff445fdff818f41f03e8
- completed:
    subdir: cursor-fuzzy-time-gen
    cabal-file:
      size: 1624
      sha256: 1eb1e697639fb5498b3978e9575ca9409f5df1bfe9a5bacf14d9fde8310c81dc
    name: cursor-fuzzy-time-gen
    version: 0.0.0.0
    git: https://github.com/NorfairKing/cursor-fuzzy-time.git
    pantry-tree:
      size: 624
      sha256: 32b7ce1ecfbf56eef0cbf53f59fb22b4e9f22cd31888f6cfece435709490f9cd
    commit: 251f53f7bf12997f2f14ff445fdff818f41f03e8
  original:
    subdir: cursor-fuzzy-time-gen
    git: https://github.com/NorfairKing/cursor-fuzzy-time.git
    commit: 251f53f7bf12997f2f14ff445fdff818f41f03e8
- completed:
    subdir: fuzzy-time
    cabal-file:
      size: 941
      sha256: 74fc54ed0c435b1caff28c668a9eae66e4d41d8cdf1ca6c740e5fcdb725c79ac
    name: fuzzy-time
    version: 0.0.0.0
    git: https://github.com/NorfairKing/fuzzy-time.git
    pantry-tree:
      size: 415
      sha256: df8ab800792ec9e012c68f8235c0d3835ec6e49ed337b97640475bc7c79babd2
    commit: 794427b7d4675910474068c8a0534d07b8eda83d
  original:
    subdir: fuzzy-time
    git: https://github.com/NorfairKing/fuzzy-time.git
    commit: 794427b7d4675910474068c8a0534d07b8eda83d
- completed:
    subdir: fuzzy-time-gen
    cabal-file:
      size: 1442
      sha256: 84399b8c49c5139af3c0997b3ad84881ff715a58b652cec366ca13520efa0b0c
    name: fuzzy-time-gen
    version: 0.0.0.0
    git: https://github.com/NorfairKing/fuzzy-time.git
    pantry-tree:
      size: 493
      sha256: f192c1094d6784fd0b66bc54b41c7aac7c94474006f05b48eab0bf6a1ab9ca1d
    commit: 794427b7d4675910474068c8a0534d07b8eda83d
  original:
    subdir: fuzzy-time-gen
    git: https://github.com/NorfairKing/fuzzy-time.git
    commit: 794427b7d4675910474068c8a0534d07b8eda83d
- completed:
    subdir: cursor-brick
    cabal-file:
      size: 1265
      sha256: 7d3e4cf1434f3c387d7cde6720fe0ddbab6de7342e0e0b424928815ece494a45
    name: cursor-brick
    version: 0.0.0.0
    git: https://github.com/NorfairKing/cursor-brick.git
    pantry-tree:
      size: 848
      sha256: f885b9840a68512c5319e3a7fc0f16c6c4a061542c80165fd76fbcdd9b3fa2d9
    commit: 178d50eac204cdae3d3aeb92c673b18f6245a4cb
  original:
    subdir: cursor-brick
    git: https://github.com/NorfairKing/cursor-brick.git
    commit: 178d50eac204cdae3d3aeb92c673b18f6245a4cb
- completed:
    subdir: cursor
    cabal-file:
      size: 1637
      sha256: 9071e1029efc634bab63c8b3fd970bbd133475749ec918138a9e7304b0a7e696
    name: cursor
    version: 0.2.0.0
    git: https://github.com/NorfairKing/cursor.git
    pantry-tree:
      size: 1811
      sha256: 183138f6d3c9f02d8122441fe028e978e55f1853637e00d764e70dd9273c54e3
    commit: 50e180737e7cddd8a405aff1bc94f0202f2d6561
  original:
    subdir: cursor
    git: https://github.com/NorfairKing/cursor.git
    commit: 50e180737e7cddd8a405aff1bc94f0202f2d6561
- completed:
    subdir: cursor-gen
    cabal-file:
      size: 2472
      sha256: 98ef1876442c539d9e7fe3fa58538360ea25d8b3b7c003cce10ec3a2c348610a
    name: cursor-gen
    version: 0.2.0.0
    git: https://github.com/NorfairKing/cursor.git
    pantry-tree:
      size: 2660
      sha256: ee74c9549ea6cbf28281ad6279625ac447e255735e712d64515720b72206524f
    commit: 50e180737e7cddd8a405aff1bc94f0202f2d6561
  original:
    subdir: cursor-gen
    git: https://github.com/NorfairKing/cursor.git
    commit: 50e180737e7cddd8a405aff1bc94f0202f2d6561
- completed:
    subdir: genvalidity
    cabal-file:
      size: 2892
      sha256: b9d9d7f21d53febdffceb02b9cea4704143d3078cce4a39c87199e3a26665aa4
    name: genvalidity
    version: 0.9.0.1
    git: https://github.com/NorfairKing/validity.git
    pantry-tree:
      size: 755
      sha256: 8d1b6e6ef323975163809a9809818c5e318c1ac08c55c2ecd5f0510911b647b6
    commit: 41fc1d893ad1067884217e09e2dceed5b59604b1
  original:
    subdir: genvalidity
    git: https://github.com/NorfairKing/validity.git
    commit: 41fc1d893ad1067884217e09e2dceed5b59604b1
- completed:
    subdir: genvalidity-aeson
    cabal-file:
      size: 1693
      sha256: 7ab8d1dcf06615245fe13feb15a17f2216627a34180e04dc686aaedbf80fb234
    name: genvalidity-aeson
    version: 0.3.0.0
    git: https://github.com/NorfairKing/validity.git
    pantry-tree:
      size: 393
      sha256: 3677aefb210c0e37f3a859e51aa6975b5f1e9d817b4834478538c94263704eee
    commit: 41fc1d893ad1067884217e09e2dceed5b59604b1
  original:
    subdir: genvalidity-aeson
    git: https://github.com/NorfairKing/validity.git
    commit: 41fc1d893ad1067884217e09e2dceed5b59604b1
- completed:
    subdir: genvalidity-bytestring
    cabal-file:
      size: 1689
      sha256: bc6e4be90b23d19ca0d59852340f17bfd7eda622994b8676260d7dc58bcec2e6
    name: genvalidity-bytestring
    version: 0.5.0.0
    git: https://github.com/NorfairKing/validity.git
    pantry-tree:
      size: 408
      sha256: cde0d6e8e873b58c6c12e7f7c865dc5a301e33927ed6b72b437d79110e323c2b
    commit: 41fc1d893ad1067884217e09e2dceed5b59604b1
  original:
    subdir: genvalidity-bytestring
    git: https://github.com/NorfairKing/validity.git
    commit: 41fc1d893ad1067884217e09e2dceed5b59604b1
- completed:
    subdir: genvalidity-containers
    cabal-file:
      size: 1947
      sha256: cda5b53d942a2c7a21da6f261a8c2225647cfdaae5f9dfbcfa55f7eb2b3825ae
    name: genvalidity-containers
    version: 0.8.0.0
    git: https://github.com/NorfairKing/validity.git
    pantry-tree:
      size: 925
      sha256: 5599eaa10eca53caaf28f272c1c21cb6d23b914ed5ee50d6da56852677256944
    commit: 41fc1d893ad1067884217e09e2dceed5b59604b1
  original:
    subdir: genvalidity-containers
    git: https://github.com/NorfairKing/validity.git
    commit: 41fc1d893ad1067884217e09e2dceed5b59604b1
- completed:
    subdir: genvalidity-hspec
    cabal-file:
      size: 3314
      sha256: b4668bac28baf4025e70d013eb21103bfa55a73fba4a6faf7ca08c5e8de8ce52
    name: genvalidity-hspec
    version: 0.7.0.2
    git: https://github.com/NorfairKing/validity.git
    pantry-tree:
      size: 2183
      sha256: eb9cce45b1ad7427a0b7f4a91948d09f4a842327462a858fff7a2b9ec450cb69
    commit: 41fc1d893ad1067884217e09e2dceed5b59604b1
  original:
    subdir: genvalidity-hspec
    git: https://github.com/NorfairKing/validity.git
    commit: 41fc1d893ad1067884217e09e2dceed5b59604b1
- completed:
    subdir: genvalidity-hspec-aeson
    cabal-file:
      size: 2147
      sha256: 99bfa28cd99086bd78a433545cabe68f3325fce1fd60dc3adfeee569343c8410
    name: genvalidity-hspec-aeson
    version: 0.3.1.0
    git: https://github.com/NorfairKing/validity.git
    pantry-tree:
      size: 498
      sha256: 7bd96fba6c2983763052322b1fd6eee9351092b1faa7a9a0b8c2ca9e30c81112
    commit: 41fc1d893ad1067884217e09e2dceed5b59604b1
  original:
    subdir: genvalidity-hspec-aeson
    git: https://github.com/NorfairKing/validity.git
    commit: 41fc1d893ad1067884217e09e2dceed5b59604b1
- completed:
    subdir: genvalidity-hspec-binary
    cabal-file:
      size: 2146
      sha256: 48ad2a16d2b843c8ff0ff5f36e7cd6d1d8d4a2ebfeb12afe4cf701616cee7290
    name: genvalidity-hspec-binary
    version: 0.2.0.3
    git: https://github.com/NorfairKing/validity.git
    pantry-tree:
      size: 498
      sha256: aebd6b94455c1d9a3cdfbff23ab524079ec4ef2b332d060618dd1b1a7151ceeb
    commit: 41fc1d893ad1067884217e09e2dceed5b59604b1
  original:
    subdir: genvalidity-hspec-binary
    git: https://github.com/NorfairKing/validity.git
    commit: 41fc1d893ad1067884217e09e2dceed5b59604b1
- completed:
    subdir: genvalidity-hspec-cereal
    cabal-file:
      size: 2049
      sha256: 6680901e6f39e3d4d06a300d26f32897939765805a31a95933b36bb9815d67df
    name: genvalidity-hspec-cereal
    version: 0.2.0.3
    git: https://github.com/NorfairKing/validity.git
    pantry-tree:
      size: 499
      sha256: 532c4096981bb35ed418ced80d62d5c2c0893e08f3d91af245d44ee4d74549d7
    commit: 41fc1d893ad1067884217e09e2dceed5b59604b1
  original:
    subdir: genvalidity-hspec-cereal
    git: https://github.com/NorfairKing/validity.git
    commit: 41fc1d893ad1067884217e09e2dceed5b59604b1
- completed:
    subdir: genvalidity-hspec-hashable
    cabal-file:
      size: 2151
      sha256: b46a00c86efdedf64fb5a5676f321aec74cff8976b916b32e207571e4d5430f9
    name: genvalidity-hspec-hashable
    version: 0.2.0.4
    git: https://github.com/NorfairKing/validity.git
    pantry-tree:
      size: 502
      sha256: 05bc50736030dec8ca44c9f977f9d6b65e21a8cfdd0fce9bec16c4449b290f08
    commit: 41fc1d893ad1067884217e09e2dceed5b59604b1
  original:
    subdir: genvalidity-hspec-hashable
    git: https://github.com/NorfairKing/validity.git
    commit: 41fc1d893ad1067884217e09e2dceed5b59604b1
- completed:
    subdir: genvalidity-hspec-optics
    cabal-file:
      size: 2031
      sha256: d8a77b6b12e156323f96f38af8d6fa3c79f6c478b6b08c2b078860b5db80877b
    name: genvalidity-hspec-optics
    version: 0.1.1.1
    git: https://github.com/NorfairKing/validity.git
    pantry-tree:
      size: 501
      sha256: a2a0afa5219357f15ebce70aeecfbc5a4c9bd5232d5d90ca2ac19a0da0eecffe
    commit: 41fc1d893ad1067884217e09e2dceed5b59604b1
  original:
    subdir: genvalidity-hspec-optics
    git: https://github.com/NorfairKing/validity.git
    commit: 41fc1d893ad1067884217e09e2dceed5b59604b1
- completed:
    subdir: genvalidity-path
    cabal-file:
      size: 1923
      sha256: d5f0a9a77c13fd58d74e1b877a7b4cb21965034d83e0c359d46505bf43d931e0
    name: genvalidity-path
    version: 0.3.0.2
    git: https://github.com/NorfairKing/validity.git
    pantry-tree:
      size: 397
      sha256: 54168c76137432167214fc05a8f4c7d7dca6ccd316d56b091cd94c3368bc42ce
    commit: 41fc1d893ad1067884217e09e2dceed5b59604b1
  original:
    subdir: genvalidity-path
    git: https://github.com/NorfairKing/validity.git
    commit: 41fc1d893ad1067884217e09e2dceed5b59604b1
- completed:
    subdir: genvalidity-property
    cabal-file:
      size: 2367
      sha256: 1593c44a60e1d833a023df370491622ba2fe583a9d0bac01175ee12452d92af1
    name: genvalidity-property
    version: 0.5.0.1
    git: https://github.com/NorfairKing/validity.git
    pantry-tree:
      size: 1923
      sha256: 2c7b7ea840e53a4d81a1aff1bb6553b5e951998db5e244ed329b2594ae2193a9
    commit: 41fc1d893ad1067884217e09e2dceed5b59604b1
  original:
    subdir: genvalidity-property
    git: https://github.com/NorfairKing/validity.git
    commit: 41fc1d893ad1067884217e09e2dceed5b59604b1
- completed:
    subdir: genvalidity-scientific
    cabal-file:
      size: 1648
      sha256: 7b4d1333799377daf6e4b1ea0bd94c42076545d985e6984feabd7423a3048668
    name: genvalidity-scientific
    version: 0.2.1.0
    git: https://github.com/NorfairKing/validity.git
    pantry-tree:
      size: 405
      sha256: 712ae09b3becc1f632d020407d882da5df9f940b9eb6facacd2f5254400f01b7
    commit: 41fc1d893ad1067884217e09e2dceed5b59604b1
  original:
    subdir: genvalidity-scientific
    git: https://github.com/NorfairKing/validity.git
    commit: 41fc1d893ad1067884217e09e2dceed5b59604b1
- completed:
    subdir: genvalidity-text
    cabal-file:
      size: 1594
      sha256: 0bc0e708c007e87463caee0846ca7aa3f5793a88f9a0d229b0634f8707cdbb97
    name: genvalidity-text
    version: 0.7.0.0
    git: https://github.com/NorfairKing/validity.git
    pantry-tree:
      size: 395
      sha256: d1341a8aa7c405c303cb4f0b9997c961bbbf2a6f70c85c2a6083b69418732966
    commit: 41fc1d893ad1067884217e09e2dceed5b59604b1
  original:
    subdir: genvalidity-text
    git: https://github.com/NorfairKing/validity.git
    commit: 41fc1d893ad1067884217e09e2dceed5b59604b1
- completed:
    subdir: genvalidity-time
    cabal-file:
      size: 1670
      sha256: b6a2982757b6f42119668ce25748466c421f08b376312d4c1ee2fb28ffa9494e
    name: genvalidity-time
    version: 0.2.1.1
    git: https://github.com/NorfairKing/validity.git
    pantry-tree:
      size: 647
      sha256: 45d7af2712647fec971b3b7c81d27571331fd0250bfa15fab1692189c32767dc
    commit: 41fc1d893ad1067884217e09e2dceed5b59604b1
  original:
    subdir: genvalidity-time
    git: https://github.com/NorfairKing/validity.git
    commit: 41fc1d893ad1067884217e09e2dceed5b59604b1
- completed:
    subdir: genvalidity-unordered-containers
    cabal-file:
      size: 1820
      sha256: 3347dda844bbf54187dc3e2a8835261ac25c6481881477f5710bee870c71cb73
    name: genvalidity-unordered-containers
    version: 0.3.0.0
    git: https://github.com/NorfairKing/validity.git
    pantry-tree:
      size: 564
      sha256: 58823e810929e8899130e5bafcf4140dd53945be6e46184e5860cb37b6c598cf
    commit: 41fc1d893ad1067884217e09e2dceed5b59604b1
  original:
    subdir: genvalidity-unordered-containers
    git: https://github.com/NorfairKing/validity.git
    commit: 41fc1d893ad1067884217e09e2dceed5b59604b1
- completed:
    subdir: genvalidity-uuid
    cabal-file:
      size: 1582
      sha256: bad5c9b377b719334f095abdfc2b8ed0373fbb4f3f8ea3e127f4b6e7c74a8dde
    name: genvalidity-uuid
    version: 0.1.0.2
    git: https://github.com/NorfairKing/validity.git
    pantry-tree:
      size: 341
      sha256: 3fe8bc6b82967d22c43855b064d81b430b6291c5e2954c9c23146c6a40a9a8c1
    commit: 41fc1d893ad1067884217e09e2dceed5b59604b1
  original:
    subdir: genvalidity-uuid
    git: https://github.com/NorfairKing/validity.git
    commit: 41fc1d893ad1067884217e09e2dceed5b59604b1
- completed:
    subdir: genvalidity-vector
    cabal-file:
      size: 1564
      sha256: 2775b420452edd4b6bb75d8dab68fd5872a2a6b40ad55ee976385ce7089fed39
    name: genvalidity-vector
    version: 0.3.0.0
    git: https://github.com/NorfairKing/validity.git
    pantry-tree:
      size: 395
      sha256: 999df146a027c18a8f2e6c4096c26a1c9e8fde7bffbce37dc0f0e82e8d044595
    commit: 41fc1d893ad1067884217e09e2dceed5b59604b1
  original:
    subdir: genvalidity-vector
    git: https://github.com/NorfairKing/validity.git
    commit: 41fc1d893ad1067884217e09e2dceed5b59604b1
- completed:
    subdir: validity
    cabal-file:
      size: 2660
      sha256: 4eb51142002c5b3e4cc8502b7fdbc494a7ec165b18dddc1fa3dda9733c26df5c
    name: validity
    version: 0.9.0.2
    git: https://github.com/NorfairKing/validity.git
    pantry-tree:
      size: 450
      sha256: 10de560dee0383f73cf1104850cfb00cd5739e2913e09aa292d118a9f3c8b7b9
    commit: 41fc1d893ad1067884217e09e2dceed5b59604b1
  original:
    subdir: validity
    git: https://github.com/NorfairKing/validity.git
    commit: 41fc1d893ad1067884217e09e2dceed5b59604b1
- completed:
    subdir: validity-aeson
    cabal-file:
      size: 1205
      sha256: a1b18ec057f94d1b9f7b83dfef47ff35c28bef4bfc0966727619ce58f989257f
    name: validity-aeson
    version: 0.2.0.2
    git: https://github.com/NorfairKing/validity.git
    pantry-tree:
      size: 215
      sha256: 6a19400ec07079c7707ff6f92363f201fd150776708b49b2a56fe57939a2b9e1
    commit: 41fc1d893ad1067884217e09e2dceed5b59604b1
  original:
    subdir: validity-aeson
    git: https://github.com/NorfairKing/validity.git
    commit: 41fc1d893ad1067884217e09e2dceed5b59604b1
- completed:
    subdir: validity-bytestring
    cabal-file:
      size: 1102
      sha256: beba95fdbb626f79f3d8d9dcc3d79436b39f990af3c1ebf1e103092d168a86cd
    name: validity-bytestring
    version: 0.4.1.0
    git: https://github.com/NorfairKing/validity.git
    pantry-tree:
      size: 273
      sha256: 1b9767751ce37a271398a6470729baf653b47e84e7d929113c381333fded39ff
    commit: 41fc1d893ad1067884217e09e2dceed5b59604b1
  original:
    subdir: validity-bytestring
    git: https://github.com/NorfairKing/validity.git
    commit: 41fc1d893ad1067884217e09e2dceed5b59604b1
- completed:
    subdir: validity-containers
    cabal-file:
      size: 1241
      sha256: 56bb653fd7ce46ea7fbe308abe1afc51964e9862dbbd7fc388021411f8ae6b2b
    name: validity-containers
    version: 0.5.0.0
    git: https://github.com/NorfairKing/validity.git
    pantry-tree:
      size: 534
      sha256: 455bd9d3b8d7633f62f65fe600ae1077c9a483d097806627d293a8fdc96dfaeb
    commit: 41fc1d893ad1067884217e09e2dceed5b59604b1
  original:
    subdir: validity-containers
    git: https://github.com/NorfairKing/validity.git
    commit: 41fc1d893ad1067884217e09e2dceed5b59604b1
- completed:
    subdir: validity-path
    cabal-file:
      size: 1517
      sha256: 158a32dd93dcdf2ccd60c275ce71d8125a20df1b71376c2c34f05ae8f1e9fd77
    name: validity-path
    version: 0.4.0.0
    git: https://github.com/NorfairKing/validity.git
    pantry-tree:
      size: 389
      sha256: 6db6e6d7fb62ae9a3b91478f6c03cbdda0505717a759ed1aa40e9ec9b9bb8564
    commit: 41fc1d893ad1067884217e09e2dceed5b59604b1
  original:
    subdir: validity-path
    git: https://github.com/NorfairKing/validity.git
    commit: 41fc1d893ad1067884217e09e2dceed5b59604b1
- completed:
    subdir: validity-primitive
    cabal-file:
      size: 1046
      sha256: 9d6b936195aee4d740739ed537cfe7898ea4d7b9737fb09e0af5f10af6df56bf
    name: validity-primitive
    version: 0.0.0.0
    git: https://github.com/NorfairKing/validity.git
    pantry-tree:
      size: 219
      sha256: 788a0685a7c29fe1e29dd104d12cdec260984448cb4884d88f614152f86a617d
    commit: 41fc1d893ad1067884217e09e2dceed5b59604b1
  original:
    subdir: validity-primitive
    git: https://github.com/NorfairKing/validity.git
    commit: 41fc1d893ad1067884217e09e2dceed5b59604b1
- completed:
    subdir: validity-scientific
    cabal-file:
      size: 1097
      sha256: 20f06c7481a1448257021f3f10896a407199d67cc69cd7e937ea3377ee392ef6
    name: validity-scientific
    version: 0.2.0.2
    git: https://github.com/NorfairKing/validity.git
    pantry-tree:
      size: 220
      sha256: 9bd610f4eb2b23ff98f21ebd18f7144d1b9aa7f8f3850b92b0c2cf7cfb393c6b
    commit: 41fc1d893ad1067884217e09e2dceed5b59604b1
  original:
    subdir: validity-scientific
    git: https://github.com/NorfairKing/validity.git
    commit: 41fc1d893ad1067884217e09e2dceed5b59604b1
- completed:
    subdir: validity-text
    cabal-file:
      size: 1084
      sha256: a8d2ff7aa6cec9daaecf5e6ea3b83ee6bf823418d134132af82fc6087d20d280
    name: validity-text
    version: 0.3.1.0
    git: https://github.com/NorfairKing/validity.git
    pantry-tree:
      size: 267
      sha256: d518cda143cbce68ca12fd0b316c63c9c1af7b927f7410d876d6989133a4e173
    commit: 41fc1d893ad1067884217e09e2dceed5b59604b1
  original:
    subdir: validity-text
    git: https://github.com/NorfairKing/validity.git
    commit: 41fc1d893ad1067884217e09e2dceed5b59604b1
- completed:
    subdir: validity-time
    cabal-file:
      size: 1204
      sha256: dfe2f8e9be9da6a18b1674932c7a2d34ec18ec6dbfac994ddf4111b640466435
    name: validity-time
    version: 0.2.0.2
    git: https://github.com/NorfairKing/validity.git
    pantry-tree:
      size: 508
      sha256: 922ee1d731b2b32b33c664899013fb9f4f1a9d6c9ecf139e210a489abde7b315
    commit: 41fc1d893ad1067884217e09e2dceed5b59604b1
  original:
    subdir: validity-time
    git: https://github.com/NorfairKing/validity.git
    commit: 41fc1d893ad1067884217e09e2dceed5b59604b1
- completed:
    subdir: validity-unordered-containers
    cabal-file:
      size: 1230
      sha256: 1c9a52512e148dfa75af1a69238bafc559bbdd444e580ea953185d386a3060be
    name: validity-unordered-containers
    version: 0.2.0.2
    git: https://github.com/NorfairKing/validity.git
    pantry-tree:
      size: 365
      sha256: bb587db1f36a689d01c77ef51238666613e5b4151b85a7f94d0c080d8c3a6ae3
    commit: 41fc1d893ad1067884217e09e2dceed5b59604b1
  original:
    subdir: validity-unordered-containers
    git: https://github.com/NorfairKing/validity.git
    commit: 41fc1d893ad1067884217e09e2dceed5b59604b1
- completed:
    subdir: validity-uuid
    cabal-file:
      size: 1067
      sha256: 32ab0f09c555d4cf78c383e3e7b494214c791c88c404809e2bca93845d07fd77
    name: validity-uuid
    version: 0.1.0.2
    git: https://github.com/NorfairKing/validity.git
    pantry-tree:
      size: 214
      sha256: dfb2c88e3e57bcbc7965f6b76fd07bc2b2e23a773405373cc64668e45bd6dc93
    commit: 41fc1d893ad1067884217e09e2dceed5b59604b1
  original:
    subdir: validity-uuid
    git: https://github.com/NorfairKing/validity.git
    commit: 41fc1d893ad1067884217e09e2dceed5b59604b1
- completed:
    subdir: validity-vector
    cabal-file:
      size: 1097
      sha256: f9df23108a8fe3315805c6528084578d6522c23d697e29dad2cf4b16359d0f75
    name: validity-vector
    version: 0.2.0.2
    git: https://github.com/NorfairKing/validity.git
    pantry-tree:
      size: 216
      sha256: 82160689c868ab8c2817f29586d43380e940f7546f33b8feef0ff71841561b5a
    commit: 41fc1d893ad1067884217e09e2dceed5b59604b1
  original:
    subdir: validity-vector
    git: https://github.com/NorfairKing/validity.git
    commit: 41fc1d893ad1067884217e09e2dceed5b59604b1
snapshots:
- completed:
    size: 523700
    url: https://raw.githubusercontent.com/commercialhaskell/stackage-snapshots/master/lts/14/7.yaml
    sha256: 8e3f3c894be74d71fa4bf085e0a8baae7e4d7622d07ea31a52736b80f8b9bb1a
  original: lts-14.7
