# This file was autogenerated by Stack.
# You should not edit this file by hand.
# For more information, please see the documentation at:
#   https://docs.haskellstack.org/en/stable/lock_files

packages:
- completed:
    hackage: hakyll-4.13.0.0@sha256:bb5cea5e4f88fd3e6818b86437cddf49755afb176d7675ff50c78c31a2f9c687,8751
    pantry-tree:
      size: 7703
      sha256: 17524533799bfa128be0a135f25ff0973e850e050a7969542e94fa123c6f4466
  original:
    hackage: hakyll-4.13.0.0
- completed:
    hackage: hakyll-sass-0.2.4@sha256:4d2fbd8b63f5ef15483fc6dda09e10eefd63b4f873ad38dec2a3607eb504a8ba,939
    pantry-tree:
      size: 217
      sha256: c03e74e71d010f009b8d972efc31fbd6dd25183e6d9afbec55f4b7f0d4a74b47
  original:
    hackage: hakyll-sass-0.2.4
- completed:
    hackage: typed-uuid-0.0.0.0@sha256:623b8c37206aa7da887db0e17f590789fd3d602d7a70742b7486fa038981ef90,1272
    pantry-tree:
      size: 315
      sha256: dd9becba36b5b51f47d882049b5b29d9e41dcebffc33fe648e0dd3b0a4775017
  original:
    hackage: typed-uuid-0.0.0.0@sha256:623b8c37206aa7da887db0e17f590789fd3d602d7a70742b7486fa038981ef90,1272
- completed:
    hackage: genvalidity-typed-uuid-0.0.0.0@sha256:3f3e43d3a2876c977aca262a57c2bc9a6f7411d9a071677ebb8ac01504e99acb,1703
    pantry-tree:
      size: 456
      sha256: 7f0ca8077fa9335840ac7780a535bda3054c98df71dcc6dac5ac98c6c86ff47a
  original:
    hackage: genvalidity-typed-uuid-0.0.0.0@sha256:3f3e43d3a2876c977aca262a57c2bc9a6f7411d9a071677ebb8ac01504e99acb,1703
- completed:
    hackage: servant-flatten-0.2@sha256:276896f7c5cdec5b8f8493f6205fded0cc602d050b58fdb09a6d7c85c3bb0837,1234
    pantry-tree:
      size: 325
      sha256: 04f12c7bef2c3f9a25d94eb9489752ed498db8e243069fe95838dbb51df1dcb3
  original:
    hackage: servant-flatten-0.2@sha256:276896f7c5cdec5b8f8493f6205fded0cc602d050b58fdb09a6d7c85c3bb0837,1234
- completed:
    name: sqlite
    version: 0.5.5
    git: https://github.com/GaloisInc/sqlite.git
    pantry-tree:
      size: 2723
      sha256: c5cf2f53919a1e7752478206de73c0af5cb993e7e6021c059ab41bbd2c16d0fb
    commit: e93ee84000c1d1eedbc23036c4a20ffd07e3145f
  original:
    git: https://github.com/GaloisInc/sqlite.git
    commit: e93ee84000c1d1eedbc23036c4a20ffd07e3145f
- completed:
    subdir: persistent
    name: persistent
    version: 2.10.0
    git: https://github.com/NorfairKing/persistent
    pantry-tree:
      size: 2094
      sha256: a3e3ce95eb03de7cb5cb2e5d9ad61ca2670ff0f94a193ca7321978985663e7b0
    commit: 0e3bbb1bd2f5f6383f9eb0407a2416e8b12255ee
  original:
    subdir: persistent
    git: https://github.com/NorfairKing/persistent
    commit: 0e3bbb1bd2f5f6383f9eb0407a2416e8b12255ee
- completed:
    subdir: persistent-template
    name: persistent-template
    version: 2.7.1
    git: https://github.com/NorfairKing/persistent
    pantry-tree:
      size: 619
      sha256: 2fe219a4a045bcbf4c7e3778ee383acda2f8c931dbeb3cf0d7505e958b10248a
    commit: 0e3bbb1bd2f5f6383f9eb0407a2416e8b12255ee
  original:
    subdir: persistent-template
    git: https://github.com/NorfairKing/persistent
    commit: 0e3bbb1bd2f5f6383f9eb0407a2416e8b12255ee
- completed:
    subdir: persistent-sqlite
    name: persistent-sqlite
    version: 2.10.0
    git: https://github.com/NorfairKing/persistent
    pantry-tree:
      size: 824
      sha256: 1af1fb315905b8cc0513e2117d02c9b75f16209c42e0ceec78afde8c754dfcb4
    commit: 0e3bbb1bd2f5f6383f9eb0407a2416e8b12255ee
  original:
    subdir: persistent-sqlite
    git: https://github.com/NorfairKing/persistent
    commit: 0e3bbb1bd2f5f6383f9eb0407a2416e8b12255ee
- completed:
    subdir: mergeful
    name: mergeful
    version: 0.1.0.0
    git: https://github.com/NorfairKing/mergeful
    pantry-tree:
      size: 583
      sha256: 00d4defd13c8dc9d7903b0f22ea9192867b3be1a67f9973f8fd1d11b21b6afdc
    commit: 83dc4d8e9415391aa6a1fde37e6af0bbc8bbf4f0
  original:
    subdir: mergeful
    git: https://github.com/NorfairKing/mergeful
    commit: 83dc4d8e9415391aa6a1fde37e6af0bbc8bbf4f0
- completed:
    subdir: genvalidity-mergeful
    name: genvalidity-mergeful
    version: 0.1.0.0
    git: https://github.com/NorfairKing/mergeful
    pantry-tree:
      size: 984
      sha256: c882350a28a7360e7a21b4fd30ff15cdabcde37b57e279c063fa124c347da535
    commit: 83dc4d8e9415391aa6a1fde37e6af0bbc8bbf4f0
  original:
    subdir: genvalidity-mergeful
    git: https://github.com/NorfairKing/mergeful
    commit: 83dc4d8e9415391aa6a1fde37e6af0bbc8bbf4f0
- completed:
    name: orgmode-parse
    version: 0.2.1
    git: https://github.com/ixmatus/orgmode-parse
    pantry-tree:
      size: 2386
      sha256: 102756fad01cbdd258886cf01d81e67c7510ae0abed916291197f2c59ac24b13
    commit: 1bdfbfe8fb7299724a6f6a122a93b2e96dd839f8
  original:
    git: https://github.com/ixmatus/orgmode-parse
    commit: 1bdfbfe8fb7299724a6f6a122a93b2e96dd839f8
- completed:
    name: pretty-relative-time
    version: 0.0.0.0
    git: https://github.com/NorfairKing/pretty-relative-time.git
    pantry-tree:
      size: 1331
      sha256: ae3996fd5fb3e3504c5bd95c8399132b0433b176cd3d24cb5da9877cde4838e4
    commit: 21b29c9d729ed91a56819f569de6fdc8582d7e3d
  original:
    git: https://github.com/NorfairKing/pretty-relative-time.git
    commit: 21b29c9d729ed91a56819f569de6fdc8582d7e3d
- completed:
    subdir: cursor-fuzzy-time
    name: cursor-fuzzy-time
    version: 0.0.0.0
    git: https://github.com/NorfairKing/cursor-fuzzy-time.git
    pantry-tree:
      size: 348
      sha256: 3da6edc17492af8be681db287fcfb6384078bc47ff7b50648151107cb132ae22
    commit: 251f53f7bf12997f2f14ff445fdff818f41f03e8
  original:
    subdir: cursor-fuzzy-time
    git: https://github.com/NorfairKing/cursor-fuzzy-time.git
    commit: 251f53f7bf12997f2f14ff445fdff818f41f03e8
- completed:
    subdir: cursor-fuzzy-time-gen
    name: cursor-fuzzy-time-gen
    version: 0.0.0.0
    git: https://github.com/NorfairKing/cursor-fuzzy-time.git
    pantry-tree:
      size: 624
      sha256: 32b7ce1ecfbf56eef0cbf53f59fb22b4e9f22cd31888f6cfece435709490f9cd
    commit: 251f53f7bf12997f2f14ff445fdff818f41f03e8
  original:
    subdir: cursor-fuzzy-time-gen
    git: https://github.com/NorfairKing/cursor-fuzzy-time.git
    commit: 251f53f7bf12997f2f14ff445fdff818f41f03e8
- completed:
    subdir: fuzzy-time
    name: fuzzy-time
    version: 0.0.0.0
    git: https://github.com/NorfairKing/fuzzy-time.git
    pantry-tree:
      size: 415
      sha256: df8ab800792ec9e012c68f8235c0d3835ec6e49ed337b97640475bc7c79babd2
    commit: 794427b7d4675910474068c8a0534d07b8eda83d
  original:
    subdir: fuzzy-time
    git: https://github.com/NorfairKing/fuzzy-time.git
    commit: 794427b7d4675910474068c8a0534d07b8eda83d
- completed:
    subdir: fuzzy-time-gen
    name: fuzzy-time-gen
    version: 0.0.0.0
    git: https://github.com/NorfairKing/fuzzy-time.git
    pantry-tree:
      size: 493
      sha256: f192c1094d6784fd0b66bc54b41c7aac7c94474006f05b48eab0bf6a1ab9ca1d
    commit: 794427b7d4675910474068c8a0534d07b8eda83d
  original:
    subdir: fuzzy-time-gen
    git: https://github.com/NorfairKing/fuzzy-time.git
    commit: 794427b7d4675910474068c8a0534d07b8eda83d
- completed:
    subdir: cursor-brick
    name: cursor-brick
    version: 0.0.0.0
    git: https://github.com/NorfairKing/cursor-brick.git
    pantry-tree:
      size: 848
      sha256: f885b9840a68512c5319e3a7fc0f16c6c4a061542c80165fd76fbcdd9b3fa2d9
    commit: 178d50eac204cdae3d3aeb92c673b18f6245a4cb
  original:
    subdir: cursor-brick
    git: https://github.com/NorfairKing/cursor-brick.git
    commit: 178d50eac204cdae3d3aeb92c673b18f6245a4cb
- completed:
    subdir: cursor
    name: cursor
    version: 0.2.0.0
    git: https://github.com/NorfairKing/cursor.git
    pantry-tree:
      size: 1811
      sha256: 183138f6d3c9f02d8122441fe028e978e55f1853637e00d764e70dd9273c54e3
    commit: 50e180737e7cddd8a405aff1bc94f0202f2d6561
  original:
    subdir: cursor
    git: https://github.com/NorfairKing/cursor.git
    commit: 50e180737e7cddd8a405aff1bc94f0202f2d6561
- completed:
    subdir: cursor-gen
    name: cursor-gen
    version: 0.2.0.0
    git: https://github.com/NorfairKing/cursor.git
    pantry-tree:
      size: 2660
      sha256: ee74c9549ea6cbf28281ad6279625ac447e255735e712d64515720b72206524f
    commit: 50e180737e7cddd8a405aff1bc94f0202f2d6561
  original:
    subdir: cursor-gen
    git: https://github.com/NorfairKing/cursor.git
    commit: 50e180737e7cddd8a405aff1bc94f0202f2d6561
- completed:
    subdir: genvalidity
    name: genvalidity
    version: 0.9.1.0
    git: https://github.com/NorfairKing/validity.git
    pantry-tree:
      size: 755
      sha256: 991cb48316735f17b8e65d96a240eb9dbe8e768a23fd67041a2c543d61cbc653
    commit: 2eea9d7ff309a999b2ab1a00e9b6c6e1ae9dc947
  original:
    subdir: genvalidity
    git: https://github.com/NorfairKing/validity.git
    commit: 2eea9d7ff309a999b2ab1a00e9b6c6e1ae9dc947
- completed:
    subdir: genvalidity-aeson
    name: genvalidity-aeson
    version: 0.3.0.0
    git: https://github.com/NorfairKing/validity.git
    pantry-tree:
      size: 393
      sha256: 3677aefb210c0e37f3a859e51aa6975b5f1e9d817b4834478538c94263704eee
    commit: 2eea9d7ff309a999b2ab1a00e9b6c6e1ae9dc947
  original:
    subdir: genvalidity-aeson
    git: https://github.com/NorfairKing/validity.git
    commit: 2eea9d7ff309a999b2ab1a00e9b6c6e1ae9dc947
- completed:
    subdir: genvalidity-bytestring
    name: genvalidity-bytestring
    version: 0.5.0.0
    git: https://github.com/NorfairKing/validity.git
    pantry-tree:
      size: 408
      sha256: cde0d6e8e873b58c6c12e7f7c865dc5a301e33927ed6b72b437d79110e323c2b
    commit: 2eea9d7ff309a999b2ab1a00e9b6c6e1ae9dc947
  original:
    subdir: genvalidity-bytestring
    git: https://github.com/NorfairKing/validity.git
    commit: 2eea9d7ff309a999b2ab1a00e9b6c6e1ae9dc947
- completed:
    subdir: genvalidity-containers
    name: genvalidity-containers
    version: 0.8.0.1
    git: https://github.com/NorfairKing/validity.git
    pantry-tree:
      size: 925
      sha256: 698c1b1f04596869912158a407b1254ea98429515c3d470e5777d7c80ee6a3a5
    commit: 2eea9d7ff309a999b2ab1a00e9b6c6e1ae9dc947
  original:
    subdir: genvalidity-containers
    git: https://github.com/NorfairKing/validity.git
    commit: 2eea9d7ff309a999b2ab1a00e9b6c6e1ae9dc947
- completed:
    subdir: genvalidity-hspec
    name: genvalidity-hspec
    version: 0.7.0.2
    git: https://github.com/NorfairKing/validity.git
    pantry-tree:
      size: 2183
      sha256: ea3c206f82d54f9846e6716ab6f4dc3f38a57a4d701eff7b83b0b99ea3f0d41c
    commit: 2eea9d7ff309a999b2ab1a00e9b6c6e1ae9dc947
  original:
    subdir: genvalidity-hspec
    git: https://github.com/NorfairKing/validity.git
    commit: 2eea9d7ff309a999b2ab1a00e9b6c6e1ae9dc947
- completed:
    subdir: genvalidity-hspec-aeson
    name: genvalidity-hspec-aeson
    version: 0.3.1.0
    git: https://github.com/NorfairKing/validity.git
    pantry-tree:
      size: 498
      sha256: 7bd96fba6c2983763052322b1fd6eee9351092b1faa7a9a0b8c2ca9e30c81112
    commit: 2eea9d7ff309a999b2ab1a00e9b6c6e1ae9dc947
  original:
    subdir: genvalidity-hspec-aeson
    git: https://github.com/NorfairKing/validity.git
    commit: 2eea9d7ff309a999b2ab1a00e9b6c6e1ae9dc947
- completed:
    subdir: genvalidity-hspec-binary
    name: genvalidity-hspec-binary
    version: 0.2.0.3
    git: https://github.com/NorfairKing/validity.git
    pantry-tree:
      size: 498
      sha256: aebd6b94455c1d9a3cdfbff23ab524079ec4ef2b332d060618dd1b1a7151ceeb
    commit: 2eea9d7ff309a999b2ab1a00e9b6c6e1ae9dc947
  original:
    subdir: genvalidity-hspec-binary
    git: https://github.com/NorfairKing/validity.git
    commit: 2eea9d7ff309a999b2ab1a00e9b6c6e1ae9dc947
- completed:
    subdir: genvalidity-hspec-cereal
    name: genvalidity-hspec-cereal
    version: 0.2.0.3
    git: https://github.com/NorfairKing/validity.git
    pantry-tree:
      size: 499
      sha256: 532c4096981bb35ed418ced80d62d5c2c0893e08f3d91af245d44ee4d74549d7
    commit: 2eea9d7ff309a999b2ab1a00e9b6c6e1ae9dc947
  original:
    subdir: genvalidity-hspec-cereal
    git: https://github.com/NorfairKing/validity.git
    commit: 2eea9d7ff309a999b2ab1a00e9b6c6e1ae9dc947
- completed:
    subdir: genvalidity-hspec-hashable
    name: genvalidity-hspec-hashable
    version: 0.2.0.4
    git: https://github.com/NorfairKing/validity.git
    pantry-tree:
      size: 502
      sha256: 05bc50736030dec8ca44c9f977f9d6b65e21a8cfdd0fce9bec16c4449b290f08
    commit: 2eea9d7ff309a999b2ab1a00e9b6c6e1ae9dc947
  original:
    subdir: genvalidity-hspec-hashable
    git: https://github.com/NorfairKing/validity.git
    commit: 2eea9d7ff309a999b2ab1a00e9b6c6e1ae9dc947
- completed:
    subdir: genvalidity-hspec-optics
    name: genvalidity-hspec-optics
    version: 0.1.1.1
    git: https://github.com/NorfairKing/validity.git
    pantry-tree:
      size: 501
      sha256: e66f8b067456346058e139a68e42350ff578547f059ed35cd621a7afb7482aa5
    commit: 2eea9d7ff309a999b2ab1a00e9b6c6e1ae9dc947
  original:
    subdir: genvalidity-hspec-optics
    git: https://github.com/NorfairKing/validity.git
    commit: 2eea9d7ff309a999b2ab1a00e9b6c6e1ae9dc947
- completed:
    subdir: genvalidity-path
    name: genvalidity-path
    version: 0.3.0.2
    git: https://github.com/NorfairKing/validity.git
    pantry-tree:
      size: 397
      sha256: 54168c76137432167214fc05a8f4c7d7dca6ccd316d56b091cd94c3368bc42ce
    commit: 2eea9d7ff309a999b2ab1a00e9b6c6e1ae9dc947
  original:
    subdir: genvalidity-path
    git: https://github.com/NorfairKing/validity.git
    commit: 2eea9d7ff309a999b2ab1a00e9b6c6e1ae9dc947
- completed:
    subdir: genvalidity-property
    name: genvalidity-property
    version: 0.5.0.1
    git: https://github.com/NorfairKing/validity.git
    pantry-tree:
      size: 1923
      sha256: 2c7b7ea840e53a4d81a1aff1bb6553b5e951998db5e244ed329b2594ae2193a9
    commit: 2eea9d7ff309a999b2ab1a00e9b6c6e1ae9dc947
  original:
    subdir: genvalidity-property
    git: https://github.com/NorfairKing/validity.git
    commit: 2eea9d7ff309a999b2ab1a00e9b6c6e1ae9dc947
- completed:
    subdir: genvalidity-scientific
    name: genvalidity-scientific
    version: 0.2.1.0
    git: https://github.com/NorfairKing/validity.git
    pantry-tree:
      size: 405
      sha256: 712ae09b3becc1f632d020407d882da5df9f940b9eb6facacd2f5254400f01b7
    commit: 2eea9d7ff309a999b2ab1a00e9b6c6e1ae9dc947
  original:
    subdir: genvalidity-scientific
    git: https://github.com/NorfairKing/validity.git
    commit: 2eea9d7ff309a999b2ab1a00e9b6c6e1ae9dc947
- completed:
    subdir: genvalidity-text
    name: genvalidity-text
    version: 0.7.0.0
    git: https://github.com/NorfairKing/validity.git
    pantry-tree:
      size: 395
      sha256: d1341a8aa7c405c303cb4f0b9997c961bbbf2a6f70c85c2a6083b69418732966
    commit: 2eea9d7ff309a999b2ab1a00e9b6c6e1ae9dc947
  original:
    subdir: genvalidity-text
    git: https://github.com/NorfairKing/validity.git
    commit: 2eea9d7ff309a999b2ab1a00e9b6c6e1ae9dc947
- completed:
    subdir: genvalidity-time
    name: genvalidity-time
    version: 0.2.1.1
    git: https://github.com/NorfairKing/validity.git
    pantry-tree:
      size: 647
      sha256: 45d7af2712647fec971b3b7c81d27571331fd0250bfa15fab1692189c32767dc
    commit: 2eea9d7ff309a999b2ab1a00e9b6c6e1ae9dc947
  original:
    subdir: genvalidity-time
    git: https://github.com/NorfairKing/validity.git
    commit: 2eea9d7ff309a999b2ab1a00e9b6c6e1ae9dc947
- completed:
    subdir: genvalidity-unordered-containers
    name: genvalidity-unordered-containers
    version: 0.3.0.0
    git: https://github.com/NorfairKing/validity.git
    pantry-tree:
      size: 564
      sha256: 58823e810929e8899130e5bafcf4140dd53945be6e46184e5860cb37b6c598cf
    commit: 2eea9d7ff309a999b2ab1a00e9b6c6e1ae9dc947
  original:
    subdir: genvalidity-unordered-containers
    git: https://github.com/NorfairKing/validity.git
    commit: 2eea9d7ff309a999b2ab1a00e9b6c6e1ae9dc947
- completed:
    subdir: genvalidity-uuid
    name: genvalidity-uuid
    version: 0.1.0.2
    git: https://github.com/NorfairKing/validity.git
    pantry-tree:
      size: 341
      sha256: 3fe8bc6b82967d22c43855b064d81b430b6291c5e2954c9c23146c6a40a9a8c1
    commit: 2eea9d7ff309a999b2ab1a00e9b6c6e1ae9dc947
  original:
    subdir: genvalidity-uuid
    git: https://github.com/NorfairKing/validity.git
    commit: 2eea9d7ff309a999b2ab1a00e9b6c6e1ae9dc947
- completed:
    subdir: genvalidity-vector
    name: genvalidity-vector
    version: 0.3.0.0
    git: https://github.com/NorfairKing/validity.git
    pantry-tree:
      size: 395
      sha256: 999df146a027c18a8f2e6c4096c26a1c9e8fde7bffbce37dc0f0e82e8d044595
    commit: 2eea9d7ff309a999b2ab1a00e9b6c6e1ae9dc947
  original:
    subdir: genvalidity-vector
    git: https://github.com/NorfairKing/validity.git
    commit: 2eea9d7ff309a999b2ab1a00e9b6c6e1ae9dc947
- completed:
    subdir: validity
    name: validity
    version: 0.9.0.2
    git: https://github.com/NorfairKing/validity.git
    pantry-tree:
      size: 450
      sha256: 10de560dee0383f73cf1104850cfb00cd5739e2913e09aa292d118a9f3c8b7b9
    commit: 2eea9d7ff309a999b2ab1a00e9b6c6e1ae9dc947
  original:
    subdir: validity
    git: https://github.com/NorfairKing/validity.git
    commit: 2eea9d7ff309a999b2ab1a00e9b6c6e1ae9dc947
- completed:
    subdir: validity-aeson
    name: validity-aeson
    version: 0.2.0.2
    git: https://github.com/NorfairKing/validity.git
    pantry-tree:
      size: 215
      sha256: 6a19400ec07079c7707ff6f92363f201fd150776708b49b2a56fe57939a2b9e1
    commit: 2eea9d7ff309a999b2ab1a00e9b6c6e1ae9dc947
  original:
    subdir: validity-aeson
    git: https://github.com/NorfairKing/validity.git
    commit: 2eea9d7ff309a999b2ab1a00e9b6c6e1ae9dc947
- completed:
    subdir: validity-bytestring
    name: validity-bytestring
    version: 0.4.1.0
    git: https://github.com/NorfairKing/validity.git
    pantry-tree:
      size: 273
      sha256: 1b9767751ce37a271398a6470729baf653b47e84e7d929113c381333fded39ff
    commit: 2eea9d7ff309a999b2ab1a00e9b6c6e1ae9dc947
  original:
    subdir: validity-bytestring
    git: https://github.com/NorfairKing/validity.git
    commit: 2eea9d7ff309a999b2ab1a00e9b6c6e1ae9dc947
- completed:
    subdir: validity-containers
    name: validity-containers
    version: 0.5.0.0
    git: https://github.com/NorfairKing/validity.git
    pantry-tree:
      size: 534
      sha256: 455bd9d3b8d7633f62f65fe600ae1077c9a483d097806627d293a8fdc96dfaeb
    commit: 2eea9d7ff309a999b2ab1a00e9b6c6e1ae9dc947
  original:
    subdir: validity-containers
    git: https://github.com/NorfairKing/validity.git
    commit: 2eea9d7ff309a999b2ab1a00e9b6c6e1ae9dc947
- completed:
    subdir: validity-path
    name: validity-path
    version: 0.4.0.0
    git: https://github.com/NorfairKing/validity.git
    pantry-tree:
      size: 389
      sha256: 6db6e6d7fb62ae9a3b91478f6c03cbdda0505717a759ed1aa40e9ec9b9bb8564
    commit: 2eea9d7ff309a999b2ab1a00e9b6c6e1ae9dc947
  original:
    subdir: validity-path
    git: https://github.com/NorfairKing/validity.git
    commit: 2eea9d7ff309a999b2ab1a00e9b6c6e1ae9dc947
- completed:
    subdir: validity-primitive
    name: validity-primitive
    version: 0.0.0.0
    git: https://github.com/NorfairKing/validity.git
    pantry-tree:
      size: 219
      sha256: 788a0685a7c29fe1e29dd104d12cdec260984448cb4884d88f614152f86a617d
    commit: 2eea9d7ff309a999b2ab1a00e9b6c6e1ae9dc947
  original:
    subdir: validity-primitive
    git: https://github.com/NorfairKing/validity.git
    commit: 2eea9d7ff309a999b2ab1a00e9b6c6e1ae9dc947
- completed:
    subdir: validity-scientific
    name: validity-scientific
    version: 0.2.0.2
    git: https://github.com/NorfairKing/validity.git
    pantry-tree:
      size: 220
      sha256: 9bd610f4eb2b23ff98f21ebd18f7144d1b9aa7f8f3850b92b0c2cf7cfb393c6b
    commit: 2eea9d7ff309a999b2ab1a00e9b6c6e1ae9dc947
  original:
    subdir: validity-scientific
    git: https://github.com/NorfairKing/validity.git
    commit: 2eea9d7ff309a999b2ab1a00e9b6c6e1ae9dc947
- completed:
    subdir: validity-text
    name: validity-text
    version: 0.3.1.0
    git: https://github.com/NorfairKing/validity.git
    pantry-tree:
      size: 267
      sha256: d518cda143cbce68ca12fd0b316c63c9c1af7b927f7410d876d6989133a4e173
    commit: 2eea9d7ff309a999b2ab1a00e9b6c6e1ae9dc947
  original:
    subdir: validity-text
    git: https://github.com/NorfairKing/validity.git
    commit: 2eea9d7ff309a999b2ab1a00e9b6c6e1ae9dc947
- completed:
    subdir: validity-time
    name: validity-time
    version: 0.2.0.2
    git: https://github.com/NorfairKing/validity.git
    pantry-tree:
      size: 508
      sha256: 922ee1d731b2b32b33c664899013fb9f4f1a9d6c9ecf139e210a489abde7b315
    commit: 2eea9d7ff309a999b2ab1a00e9b6c6e1ae9dc947
  original:
    subdir: validity-time
    git: https://github.com/NorfairKing/validity.git
    commit: 2eea9d7ff309a999b2ab1a00e9b6c6e1ae9dc947
- completed:
    subdir: validity-unordered-containers
    name: validity-unordered-containers
    version: 0.2.0.2
    git: https://github.com/NorfairKing/validity.git
    pantry-tree:
      size: 365
      sha256: bb587db1f36a689d01c77ef51238666613e5b4151b85a7f94d0c080d8c3a6ae3
    commit: 2eea9d7ff309a999b2ab1a00e9b6c6e1ae9dc947
  original:
    subdir: validity-unordered-containers
    git: https://github.com/NorfairKing/validity.git
    commit: 2eea9d7ff309a999b2ab1a00e9b6c6e1ae9dc947
- completed:
    subdir: validity-uuid
    name: validity-uuid
    version: 0.1.0.2
    git: https://github.com/NorfairKing/validity.git
    pantry-tree:
      size: 214
      sha256: dfb2c88e3e57bcbc7965f6b76fd07bc2b2e23a773405373cc64668e45bd6dc93
    commit: 2eea9d7ff309a999b2ab1a00e9b6c6e1ae9dc947
  original:
    subdir: validity-uuid
    git: https://github.com/NorfairKing/validity.git
    commit: 2eea9d7ff309a999b2ab1a00e9b6c6e1ae9dc947
- completed:
    subdir: validity-vector
    name: validity-vector
    version: 0.2.0.2
    git: https://github.com/NorfairKing/validity.git
    pantry-tree:
      size: 216
      sha256: 82160689c868ab8c2817f29586d43380e940f7546f33b8feef0ff71841561b5a
    commit: 2eea9d7ff309a999b2ab1a00e9b6c6e1ae9dc947
  original:
    subdir: validity-vector
    git: https://github.com/NorfairKing/validity.git
    commit: 2eea9d7ff309a999b2ab1a00e9b6c6e1ae9dc947
snapshots:
- completed:
    size: 523700
    url: https://raw.githubusercontent.com/commercialhaskell/stackage-snapshots/master/lts/14/7.yaml
    sha256: 8e3f3c894be74d71fa4bf085e0a8baae7e4d7622d07ea31a52736b80f8b9bb1a
  original: lts-14.7
