# This file was autogenerated by Stack.
# You should not edit this file by hand.
# For more information, please see the documentation at:
#   https://docs.haskellstack.org/en/stable/lock_files

packages:
- completed:
    hackage: hakyll-4.13.0.0@sha256:bb5cea5e4f88fd3e6818b86437cddf49755afb176d7675ff50c78c31a2f9c687,8751
    pantry-tree:
      size: 7703
      sha256: 17524533799bfa128be0a135f25ff0973e850e050a7969542e94fa123c6f4466
  original:
    hackage: hakyll-4.13.0.0
- completed:
    hackage: hakyll-sass-0.2.4@sha256:4d2fbd8b63f5ef15483fc6dda09e10eefd63b4f873ad38dec2a3607eb504a8ba,939
    pantry-tree:
      size: 217
      sha256: c03e74e71d010f009b8d972efc31fbd6dd25183e6d9afbec55f4b7f0d4a74b47
  original:
    hackage: hakyll-sass-0.2.4
- completed:
    hackage: typed-uuid-0.0.0.0@sha256:623b8c37206aa7da887db0e17f590789fd3d602d7a70742b7486fa038981ef90,1272
    pantry-tree:
      size: 315
      sha256: dd9becba36b5b51f47d882049b5b29d9e41dcebffc33fe648e0dd3b0a4775017
  original:
    hackage: typed-uuid-0.0.0.0@sha256:623b8c37206aa7da887db0e17f590789fd3d602d7a70742b7486fa038981ef90,1272
- completed:
    hackage: genvalidity-typed-uuid-0.0.0.0@sha256:3f3e43d3a2876c977aca262a57c2bc9a6f7411d9a071677ebb8ac01504e99acb,1703
    pantry-tree:
      size: 456
      sha256: 7f0ca8077fa9335840ac7780a535bda3054c98df71dcc6dac5ac98c6c86ff47a
  original:
    hackage: genvalidity-typed-uuid-0.0.0.0@sha256:3f3e43d3a2876c977aca262a57c2bc9a6f7411d9a071677ebb8ac01504e99acb,1703
- completed:
    hackage: servant-flatten-0.2@sha256:276896f7c5cdec5b8f8493f6205fded0cc602d050b58fdb09a6d7c85c3bb0837,1234
    pantry-tree:
      size: 325
      sha256: 04f12c7bef2c3f9a25d94eb9489752ed498db8e243069fe95838dbb51df1dcb3
  original:
    hackage: servant-flatten-0.2@sha256:276896f7c5cdec5b8f8493f6205fded0cc602d050b58fdb09a6d7c85c3bb0837,1234
- completed:
    name: sqlite
    version: 0.5.5
    git: https://github.com/GaloisInc/sqlite.git
    pantry-tree:
      size: 2723
      sha256: c5cf2f53919a1e7752478206de73c0af5cb993e7e6021c059ab41bbd2c16d0fb
    commit: e93ee84000c1d1eedbc23036c4a20ffd07e3145f
  original:
    git: https://github.com/GaloisInc/sqlite.git
    commit: e93ee84000c1d1eedbc23036c4a20ffd07e3145f
- completed:
    subdir: persistent
    name: persistent
    version: 2.10.0
    git: https://github.com/NorfairKing/persistent
    pantry-tree:
      size: 2094
      sha256: a3e3ce95eb03de7cb5cb2e5d9ad61ca2670ff0f94a193ca7321978985663e7b0
    commit: 0e3bbb1bd2f5f6383f9eb0407a2416e8b12255ee
  original:
    subdir: persistent
    git: https://github.com/NorfairKing/persistent
    commit: 0e3bbb1bd2f5f6383f9eb0407a2416e8b12255ee
- completed:
    subdir: persistent-template
    name: persistent-template
    version: 2.7.1
    git: https://github.com/NorfairKing/persistent
    pantry-tree:
      size: 619
      sha256: 2fe219a4a045bcbf4c7e3778ee383acda2f8c931dbeb3cf0d7505e958b10248a
    commit: 0e3bbb1bd2f5f6383f9eb0407a2416e8b12255ee
  original:
    subdir: persistent-template
    git: https://github.com/NorfairKing/persistent
    commit: 0e3bbb1bd2f5f6383f9eb0407a2416e8b12255ee
- completed:
    subdir: persistent-sqlite
    name: persistent-sqlite
    version: 2.10.0
    git: https://github.com/NorfairKing/persistent
    pantry-tree:
      size: 824
      sha256: 1af1fb315905b8cc0513e2117d02c9b75f16209c42e0ceec78afde8c754dfcb4
    commit: 0e3bbb1bd2f5f6383f9eb0407a2416e8b12255ee
  original:
    subdir: persistent-sqlite
    git: https://github.com/NorfairKing/persistent
    commit: 0e3bbb1bd2f5f6383f9eb0407a2416e8b12255ee
- completed:
    subdir: mergeful
    name: mergeful
    version: 0.1.0.0
    git: https://github.com/NorfairKing/mergeful
    pantry-tree:
      size: 583
      sha256: 00d4defd13c8dc9d7903b0f22ea9192867b3be1a67f9973f8fd1d11b21b6afdc
    commit: 83dc4d8e9415391aa6a1fde37e6af0bbc8bbf4f0
  original:
    subdir: mergeful
    git: https://github.com/NorfairKing/mergeful
    commit: 83dc4d8e9415391aa6a1fde37e6af0bbc8bbf4f0
- completed:
    subdir: genvalidity-mergeful
    name: genvalidity-mergeful
    version: 0.1.0.0
    git: https://github.com/NorfairKing/mergeful
    pantry-tree:
      size: 984
      sha256: c882350a28a7360e7a21b4fd30ff15cdabcde37b57e279c063fa124c347da535
    commit: 83dc4d8e9415391aa6a1fde37e6af0bbc8bbf4f0
  original:
    subdir: genvalidity-mergeful
    git: https://github.com/NorfairKing/mergeful
    commit: 83dc4d8e9415391aa6a1fde37e6af0bbc8bbf4f0
- completed:
    name: orgmode-parse
    version: 0.2.1
    git: https://github.com/ixmatus/orgmode-parse
    pantry-tree:
      size: 2386
      sha256: 102756fad01cbdd258886cf01d81e67c7510ae0abed916291197f2c59ac24b13
    commit: 1bdfbfe8fb7299724a6f6a122a93b2e96dd839f8
  original:
    git: https://github.com/ixmatus/orgmode-parse
    commit: 1bdfbfe8fb7299724a6f6a122a93b2e96dd839f8
- completed:
    name: pretty-relative-time
    version: 0.0.0.0
    git: https://github.com/NorfairKing/pretty-relative-time.git
    pantry-tree:
      size: 1331
      sha256: ae3996fd5fb3e3504c5bd95c8399132b0433b176cd3d24cb5da9877cde4838e4
    commit: 21b29c9d729ed91a56819f569de6fdc8582d7e3d
  original:
    git: https://github.com/NorfairKing/pretty-relative-time.git
    commit: 21b29c9d729ed91a56819f569de6fdc8582d7e3d
- completed:
    subdir: cursor-fuzzy-time
    name: cursor-fuzzy-time
    version: 0.0.0.0
    git: https://github.com/NorfairKing/cursor-fuzzy-time.git
    pantry-tree:
      size: 348
      sha256: 3da6edc17492af8be681db287fcfb6384078bc47ff7b50648151107cb132ae22
    commit: 251f53f7bf12997f2f14ff445fdff818f41f03e8
  original:
    subdir: cursor-fuzzy-time
    git: https://github.com/NorfairKing/cursor-fuzzy-time.git
    commit: 251f53f7bf12997f2f14ff445fdff818f41f03e8
- completed:
    subdir: cursor-fuzzy-time-gen
    name: cursor-fuzzy-time-gen
    version: 0.0.0.0
    git: https://github.com/NorfairKing/cursor-fuzzy-time.git
    pantry-tree:
      size: 624
      sha256: 32b7ce1ecfbf56eef0cbf53f59fb22b4e9f22cd31888f6cfece435709490f9cd
    commit: 251f53f7bf12997f2f14ff445fdff818f41f03e8
  original:
    subdir: cursor-fuzzy-time-gen
    git: https://github.com/NorfairKing/cursor-fuzzy-time.git
    commit: 251f53f7bf12997f2f14ff445fdff818f41f03e8
- completed:
    subdir: fuzzy-time
    name: fuzzy-time
    version: 0.0.0.0
    git: https://github.com/NorfairKing/fuzzy-time.git
    pantry-tree:
      size: 415
      sha256: df8ab800792ec9e012c68f8235c0d3835ec6e49ed337b97640475bc7c79babd2
    commit: 794427b7d4675910474068c8a0534d07b8eda83d
  original:
    subdir: fuzzy-time
    git: https://github.com/NorfairKing/fuzzy-time.git
    commit: 794427b7d4675910474068c8a0534d07b8eda83d
- completed:
    subdir: fuzzy-time-gen
    name: fuzzy-time-gen
    version: 0.0.0.0
    git: https://github.com/NorfairKing/fuzzy-time.git
    pantry-tree:
      size: 493
      sha256: f192c1094d6784fd0b66bc54b41c7aac7c94474006f05b48eab0bf6a1ab9ca1d
    commit: 794427b7d4675910474068c8a0534d07b8eda83d
  original:
    subdir: fuzzy-time-gen
    git: https://github.com/NorfairKing/fuzzy-time.git
    commit: 794427b7d4675910474068c8a0534d07b8eda83d
- completed:
    subdir: cursor-brick
    name: cursor-brick
    version: 0.0.0.0
    git: https://github.com/NorfairKing/cursor-brick.git
    pantry-tree:
      size: 848
      sha256: f885b9840a68512c5319e3a7fc0f16c6c4a061542c80165fd76fbcdd9b3fa2d9
    commit: 178d50eac204cdae3d3aeb92c673b18f6245a4cb
  original:
    subdir: cursor-brick
    git: https://github.com/NorfairKing/cursor-brick.git
    commit: 178d50eac204cdae3d3aeb92c673b18f6245a4cb
- completed:
    subdir: cursor
    name: cursor
    version: 0.2.0.0
    git: https://github.com/NorfairKing/cursor.git
    pantry-tree:
      size: 1811
      sha256: 183138f6d3c9f02d8122441fe028e978e55f1853637e00d764e70dd9273c54e3
    commit: 50e180737e7cddd8a405aff1bc94f0202f2d6561
  original:
    subdir: cursor
    git: https://github.com/NorfairKing/cursor.git
    commit: 50e180737e7cddd8a405aff1bc94f0202f2d6561
- completed:
    subdir: cursor-gen
    name: cursor-gen
    version: 0.2.0.0
    git: https://github.com/NorfairKing/cursor.git
    pantry-tree:
      size: 2660
      sha256: ee74c9549ea6cbf28281ad6279625ac447e255735e712d64515720b72206524f
    commit: 50e180737e7cddd8a405aff1bc94f0202f2d6561
  original:
    subdir: cursor-gen
    git: https://github.com/NorfairKing/cursor.git
    commit: 50e180737e7cddd8a405aff1bc94f0202f2d6561
snapshots:
- completed:
    size: 523700
    url: https://raw.githubusercontent.com/commercialhaskell/stackage-snapshots/master/lts/14/7.yaml
    sha256: 8e3f3c894be74d71fa4bf085e0a8baae7e4d7622d07ea31a52736b80f8b9bb1a
  original: lts-14.7
